// !$*UTF8*$!
{
	archiveVersion = 1;
	classes = {
	};
	objectVersion = 46;
	objects = {

/* Begin PBXBuildFile section */
		C76B2756138B6C590073FD80 /* UIKit.framework in Frameworks */ = {isa = PBXBuildFile; fileRef = C76B2755138B6C590073FD80 /* UIKit.framework */; };
		C76B2758138B6C590073FD80 /* Foundation.framework in Frameworks */ = {isa = PBXBuildFile; fileRef = C76B2757138B6C590073FD80 /* Foundation.framework */; };
		C76B275A138B6C590073FD80 /* CoreGraphics.framework in Frameworks */ = {isa = PBXBuildFile; fileRef = C76B2759138B6C590073FD80 /* CoreGraphics.framework */; };
		C76B2760138B6C590073FD80 /* InfoPlist.strings in Resources */ = {isa = PBXBuildFile; fileRef = C76B275E138B6C590073FD80 /* InfoPlist.strings */; };
		C76B2763138B6C590073FD80 /* main.m in Sources */ = {isa = PBXBuildFile; fileRef = C76B2762138B6C590073FD80 /* main.m */; };
		C76B2766138B6C590073FD80 /* PandemobiumAppDelegate.m in Sources */ = {isa = PBXBuildFile; fileRef = C76B2765138B6C590073FD80 /* PandemobiumAppDelegate.m */; };
		C76B2769138B6C590073FD80 /* MainWindow.xib in Resources */ = {isa = PBXBuildFile; fileRef = C76B2767138B6C590073FD80 /* MainWindow.xib */; };
		C76B276C138B6C590073FD80 /* RootViewController.m in Sources */ = {isa = PBXBuildFile; fileRef = C76B276B138B6C590073FD80 /* RootViewController.m */; };
		C76B276F138B6C590073FD80 /* RootViewController.xib in Resources */ = {isa = PBXBuildFile; fileRef = C76B276D138B6C590073FD80 /* RootViewController.xib */; };
		C76B2776138B6C590073FD80 /* UIKit.framework in Frameworks */ = {isa = PBXBuildFile; fileRef = C76B2755138B6C590073FD80 /* UIKit.framework */; };
		C76B2777138B6C590073FD80 /* Foundation.framework in Frameworks */ = {isa = PBXBuildFile; fileRef = C76B2757138B6C590073FD80 /* Foundation.framework */; };
		C76B2778138B6C590073FD80 /* CoreGraphics.framework in Frameworks */ = {isa = PBXBuildFile; fileRef = C76B2759138B6C590073FD80 /* CoreGraphics.framework */; };
		C76B2780138B6C590073FD80 /* InfoPlist.strings in Resources */ = {isa = PBXBuildFile; fileRef = C76B277E138B6C590073FD80 /* InfoPlist.strings */; };
		C76B2783138B6C590073FD80 /* PandemobiumTests.h in Resources */ = {isa = PBXBuildFile; fileRef = C76B2782138B6C590073FD80 /* PandemobiumTests.h */; };
		C76B2785138B6C590073FD80 /* PandemobiumTests.m in Sources */ = {isa = PBXBuildFile; fileRef = C76B2784138B6C590073FD80 /* PandemobiumTests.m */; };
		C76B278F138B6F9A0073FD80 /* BuyView.xib in Resources */ = {isa = PBXBuildFile; fileRef = C76B278E138B6F9A0073FD80 /* BuyView.xib */; };
		C76B2791138B72E60073FD80 /* Preferences.xib in Resources */ = {isa = PBXBuildFile; fileRef = C76B2790138B72E60073FD80 /* Preferences.xib */; };
		C76B2793138B73C50073FD80 /* HistoryView.xib in Resources */ = {isa = PBXBuildFile; fileRef = C76B2792138B73C50073FD80 /* HistoryView.xib */; };
		C76B2795138B747F0073FD80 /* TipView.xib in Resources */ = {isa = PBXBuildFile; fileRef = C76B2794138B747F0073FD80 /* TipView.xib */; };
		C76B2797138B756D0073FD80 /* WebView.xib in Resources */ = {isa = PBXBuildFile; fileRef = C76B2796138B756D0073FD80 /* WebView.xib */; };
		C7A24DF213940FE60001BE23 /* StockDatabase.m in Sources */ = {isa = PBXBuildFile; fileRef = C7A24DF113940FE60001BE23 /* StockDatabase.m */; };
		C7A24DF413942D280001BE23 /* libsqlite3.dylib in Frameworks */ = {isa = PBXBuildFile; fileRef = C7A24DF313942D280001BE23 /* libsqlite3.dylib */; };
		C7AAF65B138C882100818B4A /* BuyViewController.m in Sources */ = {isa = PBXBuildFile; fileRef = C7AAF659138C882100818B4A /* BuyViewController.m */; };
		C7AAF668138C949400818B4A /* TipViewController.m in Sources */ = {isa = PBXBuildFile; fileRef = C7AAF667138C949400818B4A /* TipViewController.m */; };
		C7AAF66B138C962500818B4A /* PreferencesViewController.m in Sources */ = {isa = PBXBuildFile; fileRef = C7AAF66A138C962500818B4A /* PreferencesViewController.m */; };
		C7AAF66E138C9A2E00818B4A /* HistoryViewController.m in Sources */ = {isa = PBXBuildFile; fileRef = C7AAF66D138C9A2D00818B4A /* HistoryViewController.m */; };
		C7AAF671138C9BD500818B4A /* ManageTipsViewController.m in Sources */ = {isa = PBXBuildFile; fileRef = C7AAF670138C9BD500818B4A /* ManageTipsViewController.m */; };
		C7AAF697138CCDE500818B4A /* ASIAuthenticationDialog.m in Sources */ = {isa = PBXBuildFile; fileRef = C7AAF684138CCDE500818B4A /* ASIAuthenticationDialog.m */; };
		C7AAF698138CCDE500818B4A /* ASIDataCompressor.m in Sources */ = {isa = PBXBuildFile; fileRef = C7AAF687138CCDE500818B4A /* ASIDataCompressor.m */; };
		C7AAF699138CCDE500818B4A /* ASIDataDecompressor.m in Sources */ = {isa = PBXBuildFile; fileRef = C7AAF689138CCDE500818B4A /* ASIDataDecompressor.m */; };
		C7AAF69A138CCDE500818B4A /* ASIDownloadCache.m in Sources */ = {isa = PBXBuildFile; fileRef = C7AAF68B138CCDE500818B4A /* ASIDownloadCache.m */; };
		C7AAF69B138CCDE500818B4A /* ASIFormDataRequest.m in Sources */ = {isa = PBXBuildFile; fileRef = C7AAF68D138CCDE500818B4A /* ASIFormDataRequest.m */; };
		C7AAF69C138CCDE500818B4A /* ASIHTTPRequest.m in Sources */ = {isa = PBXBuildFile; fileRef = C7AAF68F138CCDE500818B4A /* ASIHTTPRequest.m */; };
		C7AAF69D138CCDE500818B4A /* ASIInputStream.m in Sources */ = {isa = PBXBuildFile; fileRef = C7AAF693138CCDE500818B4A /* ASIInputStream.m */; };
		C7AAF69E138CCDE500818B4A /* ASINetworkQueue.m in Sources */ = {isa = PBXBuildFile; fileRef = C7AAF695138CCDE500818B4A /* ASINetworkQueue.m */; };
		C7AAF6A2138CCDF100818B4A /* Reachability.m in Sources */ = {isa = PBXBuildFile; fileRef = C7AAF6A1138CCDF100818B4A /* Reachability.m */; };
		C7AAF6A4138CCEC100818B4A /* CFNetwork.framework in Frameworks */ = {isa = PBXBuildFile; fileRef = C7AAF6A3138CCEC100818B4A /* CFNetwork.framework */; };
		C7AAF6A6138CCED800818B4A /* SystemConfiguration.framework in Frameworks */ = {isa = PBXBuildFile; fileRef = C7AAF6A5138CCED800818B4A /* SystemConfiguration.framework */; };
		C7AAF6A8138CCEE800818B4A /* MobileCoreServices.framework in Frameworks */ = {isa = PBXBuildFile; fileRef = C7AAF6A7138CCEE800818B4A /* MobileCoreServices.framework */; };
		C7AAF6AA138CCF0800818B4A /* libz.1.2.3.dylib in Frameworks */ = {isa = PBXBuildFile; fileRef = C7AAF6A9138CCF0800818B4A /* libz.1.2.3.dylib */; };
		C7AAF6C6138CCF9600818B4A /* NSObject+JSON.m in Sources */ = {isa = PBXBuildFile; fileRef = C7AAF6AE138CCF9600818B4A /* NSObject+JSON.m */; };
		C7AAF6C7138CCF9600818B4A /* SBJsonParser.m in Sources */ = {isa = PBXBuildFile; fileRef = C7AAF6B1138CCF9600818B4A /* SBJsonParser.m */; };
		C7AAF6C8138CCF9600818B4A /* SBJsonStreamParser.m in Sources */ = {isa = PBXBuildFile; fileRef = C7AAF6B3138CCF9600818B4A /* SBJsonStreamParser.m */; };
		C7AAF6C9138CCF9600818B4A /* SBJsonStreamParserAccumulator.m in Sources */ = {isa = PBXBuildFile; fileRef = C7AAF6B5138CCF9600818B4A /* SBJsonStreamParserAccumulator.m */; };
		C7AAF6CA138CCF9600818B4A /* SBJsonStreamParserAdapter.m in Sources */ = {isa = PBXBuildFile; fileRef = C7AAF6B7138CCF9600818B4A /* SBJsonStreamParserAdapter.m */; };
		C7AAF6CB138CCF9600818B4A /* SBJsonStreamParserState.m in Sources */ = {isa = PBXBuildFile; fileRef = C7AAF6B9138CCF9600818B4A /* SBJsonStreamParserState.m */; };
		C7AAF6CC138CCF9600818B4A /* SBJsonStreamWriter.m in Sources */ = {isa = PBXBuildFile; fileRef = C7AAF6BB138CCF9600818B4A /* SBJsonStreamWriter.m */; };
		C7AAF6CD138CCF9600818B4A /* SBJsonStreamWriterAccumulator.m in Sources */ = {isa = PBXBuildFile; fileRef = C7AAF6BD138CCF9600818B4A /* SBJsonStreamWriterAccumulator.m */; };
		C7AAF6CE138CCF9600818B4A /* SBJsonStreamWriterState.m in Sources */ = {isa = PBXBuildFile; fileRef = C7AAF6BF138CCF9600818B4A /* SBJsonStreamWriterState.m */; };
		C7AAF6CF138CCF9600818B4A /* SBJsonTokeniser.m in Sources */ = {isa = PBXBuildFile; fileRef = C7AAF6C1138CCF9600818B4A /* SBJsonTokeniser.m */; };
		C7AAF6D0138CCF9600818B4A /* SBJsonWriter.m in Sources */ = {isa = PBXBuildFile; fileRef = C7AAF6C3138CCF9600818B4A /* SBJsonWriter.m */; };
		C7AAF6D1138CCF9600818B4A /* SBUTF8Stream.m in Sources */ = {isa = PBXBuildFile; fileRef = C7AAF6C5138CCF9600818B4A /* SBUTF8Stream.m */; };
		C7AAF6E2138CD01000818B4A /* YFStockDetails.m in Sources */ = {isa = PBXBuildFile; fileRef = C7AAF6D6138CD01000818B4A /* YFStockDetails.m */; };
		C7AAF6E3138CD01000818B4A /* YFStockSymbol.m in Sources */ = {isa = PBXBuildFile; fileRef = C7AAF6D8138CD01000818B4A /* YFStockSymbol.m */; };
		C7AAF6E4138CD01000818B4A /* YFTwoValueObject.m in Sources */ = {isa = PBXBuildFile; fileRef = C7AAF6DA138CD01000818B4A /* YFTwoValueObject.m */; };
		C7AAF6E5138CD01000818B4A /* StockExchangeCurrency.plist in Resources */ = {isa = PBXBuildFile; fileRef = C7AAF6DB138CD01000818B4A /* StockExchangeCurrency.plist */; };
		C7AAF6E6138CD01000818B4A /* YFCurrencyConversion.m in Sources */ = {isa = PBXBuildFile; fileRef = C7AAF6DD138CD01000818B4A /* YFCurrencyConversion.m */; };
		C7AAF6E7138CD01000818B4A /* YFStockDetailsLoader.m in Sources */ = {isa = PBXBuildFile; fileRef = C7AAF6DF138CD01000818B4A /* YFStockDetailsLoader.m */; };
		C7AAF6E8138CD01000818B4A /* YFStockSymbolSearch.m in Sources */ = {isa = PBXBuildFile; fileRef = C7AAF6E1138CD01000818B4A /* YFStockSymbolSearch.m */; };
		DB92CF6A1760EE520035C25D /* Default-568h@2x.png in Resources */ = {isa = PBXBuildFile; fileRef = DB92CF681760EE080035C25D /* Default-568h@2x.png */; };
/* End PBXBuildFile section */

/* Begin PBXContainerItemProxy section */
		C76B2779138B6C590073FD80 /* PBXContainerItemProxy */ = {
			isa = PBXContainerItemProxy;
			containerPortal = C76B2748138B6C580073FD80 /* Project object */;
			proxyType = 1;
			remoteGlobalIDString = C76B2750138B6C590073FD80;
			remoteInfo = Pandemobium;
		};
/* End PBXContainerItemProxy section */

/* Begin PBXFileReference section */
		C76B2751138B6C590073FD80 /* Pandemobium.app */ = {isa = PBXFileReference; explicitFileType = wrapper.application; includeInIndex = 0; path = Pandemobium.app; sourceTree = BUILT_PRODUCTS_DIR; };
		C76B2755138B6C590073FD80 /* UIKit.framework */ = {isa = PBXFileReference; lastKnownFileType = wrapper.framework; name = UIKit.framework; path = System/Library/Frameworks/UIKit.framework; sourceTree = SDKROOT; };
		C76B2757138B6C590073FD80 /* Foundation.framework */ = {isa = PBXFileReference; lastKnownFileType = wrapper.framework; name = Foundation.framework; path = System/Library/Frameworks/Foundation.framework; sourceTree = SDKROOT; };
		C76B2759138B6C590073FD80 /* CoreGraphics.framework */ = {isa = PBXFileReference; lastKnownFileType = wrapper.framework; name = CoreGraphics.framework; path = System/Library/Frameworks/CoreGraphics.framework; sourceTree = SDKROOT; };
		C76B275D138B6C590073FD80 /* Pandemobium-Info.plist */ = {isa = PBXFileReference; lastKnownFileType = text.plist.xml; path = "Pandemobium-Info.plist"; sourceTree = "<group>"; };
		C76B275F138B6C590073FD80 /* en */ = {isa = PBXFileReference; lastKnownFileType = text.plist.strings; name = en; path = en.lproj/InfoPlist.strings; sourceTree = "<group>"; };
		C76B2761138B6C590073FD80 /* Pandemobium-Prefix.pch */ = {isa = PBXFileReference; lastKnownFileType = sourcecode.c.h; path = "Pandemobium-Prefix.pch"; sourceTree = "<group>"; };
		C76B2762138B6C590073FD80 /* main.m */ = {isa = PBXFileReference; lastKnownFileType = sourcecode.c.objc; path = main.m; sourceTree = "<group>"; };
		C76B2764138B6C590073FD80 /* PandemobiumAppDelegate.h */ = {isa = PBXFileReference; lastKnownFileType = sourcecode.c.h; path = PandemobiumAppDelegate.h; sourceTree = "<group>"; };
		C76B2765138B6C590073FD80 /* PandemobiumAppDelegate.m */ = {isa = PBXFileReference; lastKnownFileType = sourcecode.c.objc; path = PandemobiumAppDelegate.m; sourceTree = "<group>"; };
		C76B2768138B6C590073FD80 /* en */ = {isa = PBXFileReference; lastKnownFileType = file.xib; name = en; path = en.lproj/MainWindow.xib; sourceTree = "<group>"; };
		C76B276A138B6C590073FD80 /* RootViewController.h */ = {isa = PBXFileReference; lastKnownFileType = sourcecode.c.h; path = RootViewController.h; sourceTree = "<group>"; };
		C76B276B138B6C590073FD80 /* RootViewController.m */ = {isa = PBXFileReference; lastKnownFileType = sourcecode.c.objc; path = RootViewController.m; sourceTree = "<group>"; };
		C76B276E138B6C590073FD80 /* en */ = {isa = PBXFileReference; lastKnownFileType = file.xib; name = en; path = en.lproj/RootViewController.xib; sourceTree = "<group>"; };
		C76B2775138B6C590073FD80 /* PandemobiumTests.octest */ = {isa = PBXFileReference; explicitFileType = wrapper.cfbundle; includeInIndex = 0; path = PandemobiumTests.octest; sourceTree = BUILT_PRODUCTS_DIR; };
		C76B277D138B6C590073FD80 /* PandemobiumTests-Info.plist */ = {isa = PBXFileReference; lastKnownFileType = text.plist.xml; path = "PandemobiumTests-Info.plist"; sourceTree = "<group>"; };
		C76B277F138B6C590073FD80 /* en */ = {isa = PBXFileReference; lastKnownFileType = text.plist.strings; name = en; path = en.lproj/InfoPlist.strings; sourceTree = "<group>"; };
		C76B2781138B6C590073FD80 /* PandemobiumTests-Prefix.pch */ = {isa = PBXFileReference; lastKnownFileType = sourcecode.c.h; path = "PandemobiumTests-Prefix.pch"; sourceTree = "<group>"; };
		C76B2782138B6C590073FD80 /* PandemobiumTests.h */ = {isa = PBXFileReference; lastKnownFileType = sourcecode.c.h; path = PandemobiumTests.h; sourceTree = "<group>"; };
		C76B2784138B6C590073FD80 /* PandemobiumTests.m */ = {isa = PBXFileReference; lastKnownFileType = sourcecode.c.objc; path = PandemobiumTests.m; sourceTree = "<group>"; };
		C76B278E138B6F9A0073FD80 /* BuyView.xib */ = {isa = PBXFileReference; fileEncoding = 4; lastKnownFileType = file.xib; path = BuyView.xib; sourceTree = "<group>"; };
		C76B2790138B72E60073FD80 /* Preferences.xib */ = {isa = PBXFileReference; fileEncoding = 4; lastKnownFileType = file.xib; path = Preferences.xib; sourceTree = "<group>"; };
		C76B2792138B73C50073FD80 /* HistoryView.xib */ = {isa = PBXFileReference; fileEncoding = 4; lastKnownFileType = file.xib; path = HistoryView.xib; sourceTree = "<group>"; };
		C76B2794138B747F0073FD80 /* TipView.xib */ = {isa = PBXFileReference; fileEncoding = 4; lastKnownFileType = file.xib; path = TipView.xib; sourceTree = "<group>"; };
		C76B2796138B756D0073FD80 /* WebView.xib */ = {isa = PBXFileReference; fileEncoding = 4; lastKnownFileType = file.xib; path = WebView.xib; sourceTree = "<group>"; };
		C7A24DF013940FE60001BE23 /* StockDatabase.h */ = {isa = PBXFileReference; fileEncoding = 4; lastKnownFileType = sourcecode.c.h; path = StockDatabase.h; sourceTree = "<group>"; };
		C7A24DF113940FE60001BE23 /* StockDatabase.m */ = {isa = PBXFileReference; fileEncoding = 4; lastKnownFileType = sourcecode.c.objc; path = StockDatabase.m; sourceTree = "<group>"; };
		C7A24DF313942D280001BE23 /* libsqlite3.dylib */ = {isa = PBXFileReference; lastKnownFileType = "compiled.mach-o.dylib"; name = libsqlite3.dylib; path = usr/lib/libsqlite3.dylib; sourceTree = SDKROOT; };
		C7AAF658138C882100818B4A /* BuyViewController.h */ = {isa = PBXFileReference; fileEncoding = 4; lastKnownFileType = sourcecode.c.h; path = BuyViewController.h; sourceTree = "<group>"; };
		C7AAF659138C882100818B4A /* BuyViewController.m */ = {isa = PBXFileReference; fileEncoding = 4; lastKnownFileType = sourcecode.c.objc; path = BuyViewController.m; sourceTree = "<group>"; };
		C7AAF666138C949400818B4A /* TipViewController.h */ = {isa = PBXFileReference; fileEncoding = 4; lastKnownFileType = sourcecode.c.h; path = TipViewController.h; sourceTree = "<group>"; };
		C7AAF667138C949400818B4A /* TipViewController.m */ = {isa = PBXFileReference; fileEncoding = 4; lastKnownFileType = sourcecode.c.objc; path = TipViewController.m; sourceTree = "<group>"; };
		C7AAF669138C962500818B4A /* PreferencesViewController.h */ = {isa = PBXFileReference; fileEncoding = 4; lastKnownFileType = sourcecode.c.h; path = PreferencesViewController.h; sourceTree = "<group>"; };
		C7AAF66A138C962500818B4A /* PreferencesViewController.m */ = {isa = PBXFileReference; fileEncoding = 4; lastKnownFileType = sourcecode.c.objc; path = PreferencesViewController.m; sourceTree = "<group>"; };
		C7AAF66C138C9A2D00818B4A /* HistoryViewController.h */ = {isa = PBXFileReference; fileEncoding = 4; lastKnownFileType = sourcecode.c.h; path = HistoryViewController.h; sourceTree = "<group>"; };
		C7AAF66D138C9A2D00818B4A /* HistoryViewController.m */ = {isa = PBXFileReference; fileEncoding = 4; lastKnownFileType = sourcecode.c.objc; path = HistoryViewController.m; sourceTree = "<group>"; };
		C7AAF66F138C9BD500818B4A /* ManageTipsViewController.h */ = {isa = PBXFileReference; fileEncoding = 4; lastKnownFileType = sourcecode.c.h; path = ManageTipsViewController.h; sourceTree = "<group>"; };
		C7AAF670138C9BD500818B4A /* ManageTipsViewController.m */ = {isa = PBXFileReference; fileEncoding = 4; lastKnownFileType = sourcecode.c.objc; path = ManageTipsViewController.m; sourceTree = "<group>"; };
		C7AAF683138CCDE500818B4A /* ASIAuthenticationDialog.h */ = {isa = PBXFileReference; fileEncoding = 4; lastKnownFileType = sourcecode.c.h; path = ASIAuthenticationDialog.h; sourceTree = "<group>"; };
		C7AAF684138CCDE500818B4A /* ASIAuthenticationDialog.m */ = {isa = PBXFileReference; fileEncoding = 4; lastKnownFileType = sourcecode.c.objc; path = ASIAuthenticationDialog.m; sourceTree = "<group>"; };
		C7AAF685138CCDE500818B4A /* ASICacheDelegate.h */ = {isa = PBXFileReference; fileEncoding = 4; lastKnownFileType = sourcecode.c.h; path = ASICacheDelegate.h; sourceTree = "<group>"; };
		C7AAF686138CCDE500818B4A /* ASIDataCompressor.h */ = {isa = PBXFileReference; fileEncoding = 4; lastKnownFileType = sourcecode.c.h; path = ASIDataCompressor.h; sourceTree = "<group>"; };
		C7AAF687138CCDE500818B4A /* ASIDataCompressor.m */ = {isa = PBXFileReference; fileEncoding = 4; lastKnownFileType = sourcecode.c.objc; path = ASIDataCompressor.m; sourceTree = "<group>"; };
		C7AAF688138CCDE500818B4A /* ASIDataDecompressor.h */ = {isa = PBXFileReference; fileEncoding = 4; lastKnownFileType = sourcecode.c.h; path = ASIDataDecompressor.h; sourceTree = "<group>"; };
		C7AAF689138CCDE500818B4A /* ASIDataDecompressor.m */ = {isa = PBXFileReference; fileEncoding = 4; lastKnownFileType = sourcecode.c.objc; path = ASIDataDecompressor.m; sourceTree = "<group>"; };
		C7AAF68A138CCDE500818B4A /* ASIDownloadCache.h */ = {isa = PBXFileReference; fileEncoding = 4; lastKnownFileType = sourcecode.c.h; path = ASIDownloadCache.h; sourceTree = "<group>"; };
		C7AAF68B138CCDE500818B4A /* ASIDownloadCache.m */ = {isa = PBXFileReference; fileEncoding = 4; lastKnownFileType = sourcecode.c.objc; path = ASIDownloadCache.m; sourceTree = "<group>"; };
		C7AAF68C138CCDE500818B4A /* ASIFormDataRequest.h */ = {isa = PBXFileReference; fileEncoding = 4; lastKnownFileType = sourcecode.c.h; path = ASIFormDataRequest.h; sourceTree = "<group>"; };
		C7AAF68D138CCDE500818B4A /* ASIFormDataRequest.m */ = {isa = PBXFileReference; fileEncoding = 4; lastKnownFileType = sourcecode.c.objc; path = ASIFormDataRequest.m; sourceTree = "<group>"; };
		C7AAF68E138CCDE500818B4A /* ASIHTTPRequest.h */ = {isa = PBXFileReference; fileEncoding = 4; lastKnownFileType = sourcecode.c.h; path = ASIHTTPRequest.h; sourceTree = "<group>"; };
		C7AAF68F138CCDE500818B4A /* ASIHTTPRequest.m */ = {isa = PBXFileReference; fileEncoding = 4; lastKnownFileType = sourcecode.c.objc; path = ASIHTTPRequest.m; sourceTree = "<group>"; };
		C7AAF690138CCDE500818B4A /* ASIHTTPRequestConfig.h */ = {isa = PBXFileReference; fileEncoding = 4; lastKnownFileType = sourcecode.c.h; path = ASIHTTPRequestConfig.h; sourceTree = "<group>"; };
		C7AAF691138CCDE500818B4A /* ASIHTTPRequestDelegate.h */ = {isa = PBXFileReference; fileEncoding = 4; lastKnownFileType = sourcecode.c.h; path = ASIHTTPRequestDelegate.h; sourceTree = "<group>"; };
		C7AAF692138CCDE500818B4A /* ASIInputStream.h */ = {isa = PBXFileReference; fileEncoding = 4; lastKnownFileType = sourcecode.c.h; path = ASIInputStream.h; sourceTree = "<group>"; };
		C7AAF693138CCDE500818B4A /* ASIInputStream.m */ = {isa = PBXFileReference; fileEncoding = 4; lastKnownFileType = sourcecode.c.objc; path = ASIInputStream.m; sourceTree = "<group>"; };
		C7AAF694138CCDE500818B4A /* ASINetworkQueue.h */ = {isa = PBXFileReference; fileEncoding = 4; lastKnownFileType = sourcecode.c.h; path = ASINetworkQueue.h; sourceTree = "<group>"; };
		C7AAF695138CCDE500818B4A /* ASINetworkQueue.m */ = {isa = PBXFileReference; fileEncoding = 4; lastKnownFileType = sourcecode.c.objc; path = ASINetworkQueue.m; sourceTree = "<group>"; };
		C7AAF696138CCDE500818B4A /* ASIProgressDelegate.h */ = {isa = PBXFileReference; fileEncoding = 4; lastKnownFileType = sourcecode.c.h; path = ASIProgressDelegate.h; sourceTree = "<group>"; };
		C7AAF6A0138CCDF100818B4A /* Reachability.h */ = {isa = PBXFileReference; fileEncoding = 4; lastKnownFileType = sourcecode.c.h; path = Reachability.h; sourceTree = "<group>"; };
		C7AAF6A1138CCDF100818B4A /* Reachability.m */ = {isa = PBXFileReference; fileEncoding = 4; lastKnownFileType = sourcecode.c.objc; path = Reachability.m; sourceTree = "<group>"; };
		C7AAF6A3138CCEC100818B4A /* CFNetwork.framework */ = {isa = PBXFileReference; lastKnownFileType = wrapper.framework; name = CFNetwork.framework; path = System/Library/Frameworks/CFNetwork.framework; sourceTree = SDKROOT; };
		C7AAF6A5138CCED800818B4A /* SystemConfiguration.framework */ = {isa = PBXFileReference; lastKnownFileType = wrapper.framework; name = SystemConfiguration.framework; path = System/Library/Frameworks/SystemConfiguration.framework; sourceTree = SDKROOT; };
		C7AAF6A7138CCEE800818B4A /* MobileCoreServices.framework */ = {isa = PBXFileReference; lastKnownFileType = wrapper.framework; name = MobileCoreServices.framework; path = System/Library/Frameworks/MobileCoreServices.framework; sourceTree = SDKROOT; };
		C7AAF6A9138CCF0800818B4A /* libz.1.2.3.dylib */ = {isa = PBXFileReference; lastKnownFileType = "compiled.mach-o.dylib"; name = libz.1.2.3.dylib; path = usr/lib/libz.1.2.3.dylib; sourceTree = SDKROOT; };
		C7AAF6AC138CCF9600818B4A /* JSON.h */ = {isa = PBXFileReference; fileEncoding = 4; lastKnownFileType = sourcecode.c.h; path = JSON.h; sourceTree = "<group>"; };
		C7AAF6AD138CCF9600818B4A /* NSObject+JSON.h */ = {isa = PBXFileReference; fileEncoding = 4; lastKnownFileType = sourcecode.c.h; path = "NSObject+JSON.h"; sourceTree = "<group>"; };
		C7AAF6AE138CCF9600818B4A /* NSObject+JSON.m */ = {isa = PBXFileReference; fileEncoding = 4; lastKnownFileType = sourcecode.c.objc; path = "NSObject+JSON.m"; sourceTree = "<group>"; };
		C7AAF6AF138CCF9600818B4A /* SBJsonIncludes.h */ = {isa = PBXFileReference; fileEncoding = 4; lastKnownFileType = sourcecode.c.h; path = SBJsonIncludes.h; sourceTree = "<group>"; };
		C7AAF6B0138CCF9600818B4A /* SBJsonParser.h */ = {isa = PBXFileReference; fileEncoding = 4; lastKnownFileType = sourcecode.c.h; path = SBJsonParser.h; sourceTree = "<group>"; };
		C7AAF6B1138CCF9600818B4A /* SBJsonParser.m */ = {isa = PBXFileReference; fileEncoding = 4; lastKnownFileType = sourcecode.c.objc; path = SBJsonParser.m; sourceTree = "<group>"; };
		C7AAF6B2138CCF9600818B4A /* SBJsonStreamParser.h */ = {isa = PBXFileReference; fileEncoding = 4; lastKnownFileType = sourcecode.c.h; path = SBJsonStreamParser.h; sourceTree = "<group>"; };
		C7AAF6B3138CCF9600818B4A /* SBJsonStreamParser.m */ = {isa = PBXFileReference; fileEncoding = 4; lastKnownFileType = sourcecode.c.objc; path = SBJsonStreamParser.m; sourceTree = "<group>"; };
		C7AAF6B4138CCF9600818B4A /* SBJsonStreamParserAccumulator.h */ = {isa = PBXFileReference; fileEncoding = 4; lastKnownFileType = sourcecode.c.h; path = SBJsonStreamParserAccumulator.h; sourceTree = "<group>"; };
		C7AAF6B5138CCF9600818B4A /* SBJsonStreamParserAccumulator.m */ = {isa = PBXFileReference; fileEncoding = 4; lastKnownFileType = sourcecode.c.objc; path = SBJsonStreamParserAccumulator.m; sourceTree = "<group>"; };
		C7AAF6B6138CCF9600818B4A /* SBJsonStreamParserAdapter.h */ = {isa = PBXFileReference; fileEncoding = 4; lastKnownFileType = sourcecode.c.h; path = SBJsonStreamParserAdapter.h; sourceTree = "<group>"; };
		C7AAF6B7138CCF9600818B4A /* SBJsonStreamParserAdapter.m */ = {isa = PBXFileReference; fileEncoding = 4; lastKnownFileType = sourcecode.c.objc; path = SBJsonStreamParserAdapter.m; sourceTree = "<group>"; };
		C7AAF6B8138CCF9600818B4A /* SBJsonStreamParserState.h */ = {isa = PBXFileReference; fileEncoding = 4; lastKnownFileType = sourcecode.c.h; path = SBJsonStreamParserState.h; sourceTree = "<group>"; };
		C7AAF6B9138CCF9600818B4A /* SBJsonStreamParserState.m */ = {isa = PBXFileReference; fileEncoding = 4; lastKnownFileType = sourcecode.c.objc; path = SBJsonStreamParserState.m; sourceTree = "<group>"; };
		C7AAF6BA138CCF9600818B4A /* SBJsonStreamWriter.h */ = {isa = PBXFileReference; fileEncoding = 4; lastKnownFileType = sourcecode.c.h; path = SBJsonStreamWriter.h; sourceTree = "<group>"; };
		C7AAF6BB138CCF9600818B4A /* SBJsonStreamWriter.m */ = {isa = PBXFileReference; fileEncoding = 4; lastKnownFileType = sourcecode.c.objc; path = SBJsonStreamWriter.m; sourceTree = "<group>"; };
		C7AAF6BC138CCF9600818B4A /* SBJsonStreamWriterAccumulator.h */ = {isa = PBXFileReference; fileEncoding = 4; lastKnownFileType = sourcecode.c.h; path = SBJsonStreamWriterAccumulator.h; sourceTree = "<group>"; };
		C7AAF6BD138CCF9600818B4A /* SBJsonStreamWriterAccumulator.m */ = {isa = PBXFileReference; fileEncoding = 4; lastKnownFileType = sourcecode.c.objc; path = SBJsonStreamWriterAccumulator.m; sourceTree = "<group>"; };
		C7AAF6BE138CCF9600818B4A /* SBJsonStreamWriterState.h */ = {isa = PBXFileReference; fileEncoding = 4; lastKnownFileType = sourcecode.c.h; path = SBJsonStreamWriterState.h; sourceTree = "<group>"; };
		C7AAF6BF138CCF9600818B4A /* SBJsonStreamWriterState.m */ = {isa = PBXFileReference; fileEncoding = 4; lastKnownFileType = sourcecode.c.objc; path = SBJsonStreamWriterState.m; sourceTree = "<group>"; };
		C7AAF6C0138CCF9600818B4A /* SBJsonTokeniser.h */ = {isa = PBXFileReference; fileEncoding = 4; lastKnownFileType = sourcecode.c.h; path = SBJsonTokeniser.h; sourceTree = "<group>"; };
		C7AAF6C1138CCF9600818B4A /* SBJsonTokeniser.m */ = {isa = PBXFileReference; fileEncoding = 4; lastKnownFileType = sourcecode.c.objc; path = SBJsonTokeniser.m; sourceTree = "<group>"; };
		C7AAF6C2138CCF9600818B4A /* SBJsonWriter.h */ = {isa = PBXFileReference; fileEncoding = 4; lastKnownFileType = sourcecode.c.h; path = SBJsonWriter.h; sourceTree = "<group>"; };
		C7AAF6C3138CCF9600818B4A /* SBJsonWriter.m */ = {isa = PBXFileReference; fileEncoding = 4; lastKnownFileType = sourcecode.c.objc; path = SBJsonWriter.m; sourceTree = "<group>"; };
		C7AAF6C4138CCF9600818B4A /* SBUTF8Stream.h */ = {isa = PBXFileReference; fileEncoding = 4; lastKnownFileType = sourcecode.c.h; path = SBUTF8Stream.h; sourceTree = "<group>"; };
		C7AAF6C5138CCF9600818B4A /* SBUTF8Stream.m */ = {isa = PBXFileReference; fileEncoding = 4; lastKnownFileType = sourcecode.c.objc; path = SBUTF8Stream.m; sourceTree = "<group>"; };
		C7AAF6D3138CD00F00818B4A /* BSYahooFinance.h */ = {isa = PBXFileReference; fileEncoding = 4; lastKnownFileType = sourcecode.c.h; path = BSYahooFinance.h; sourceTree = "<group>"; };
		C7AAF6D5138CD01000818B4A /* YFStockDetails.h */ = {isa = PBXFileReference; fileEncoding = 4; lastKnownFileType = sourcecode.c.h; path = YFStockDetails.h; sourceTree = "<group>"; };
		C7AAF6D6138CD01000818B4A /* YFStockDetails.m */ = {isa = PBXFileReference; fileEncoding = 4; lastKnownFileType = sourcecode.c.objc; path = YFStockDetails.m; sourceTree = "<group>"; };
		C7AAF6D7138CD01000818B4A /* YFStockSymbol.h */ = {isa = PBXFileReference; fileEncoding = 4; lastKnownFileType = sourcecode.c.h; path = YFStockSymbol.h; sourceTree = "<group>"; };
		C7AAF6D8138CD01000818B4A /* YFStockSymbol.m */ = {isa = PBXFileReference; fileEncoding = 4; lastKnownFileType = sourcecode.c.objc; path = YFStockSymbol.m; sourceTree = "<group>"; };
		C7AAF6D9138CD01000818B4A /* YFTwoValueObject.h */ = {isa = PBXFileReference; fileEncoding = 4; lastKnownFileType = sourcecode.c.h; path = YFTwoValueObject.h; sourceTree = "<group>"; };
		C7AAF6DA138CD01000818B4A /* YFTwoValueObject.m */ = {isa = PBXFileReference; fileEncoding = 4; lastKnownFileType = sourcecode.c.objc; path = YFTwoValueObject.m; sourceTree = "<group>"; };
		C7AAF6DB138CD01000818B4A /* StockExchangeCurrency.plist */ = {isa = PBXFileReference; fileEncoding = 4; lastKnownFileType = text.plist.xml; path = StockExchangeCurrency.plist; sourceTree = "<group>"; };
		C7AAF6DC138CD01000818B4A /* YFCurrencyConversion.h */ = {isa = PBXFileReference; fileEncoding = 4; lastKnownFileType = sourcecode.c.h; path = YFCurrencyConversion.h; sourceTree = "<group>"; };
		C7AAF6DD138CD01000818B4A /* YFCurrencyConversion.m */ = {isa = PBXFileReference; fileEncoding = 4; lastKnownFileType = sourcecode.c.objc; path = YFCurrencyConversion.m; sourceTree = "<group>"; };
		C7AAF6DE138CD01000818B4A /* YFStockDetailsLoader.h */ = {isa = PBXFileReference; fileEncoding = 4; lastKnownFileType = sourcecode.c.h; path = YFStockDetailsLoader.h; sourceTree = "<group>"; };
		C7AAF6DF138CD01000818B4A /* YFStockDetailsLoader.m */ = {isa = PBXFileReference; fileEncoding = 4; lastKnownFileType = sourcecode.c.objc; path = YFStockDetailsLoader.m; sourceTree = "<group>"; };
		C7AAF6E0138CD01000818B4A /* YFStockSymbolSearch.h */ = {isa = PBXFileReference; fileEncoding = 4; lastKnownFileType = sourcecode.c.h; path = YFStockSymbolSearch.h; sourceTree = "<group>"; };
		C7AAF6E1138CD01000818B4A /* YFStockSymbolSearch.m */ = {isa = PBXFileReference; fileEncoding = 4; lastKnownFileType = sourcecode.c.objc; path = YFStockSymbolSearch.m; sourceTree = "<group>"; };
		DB92CF681760EE080035C25D /* Default-568h@2x.png */ = {isa = PBXFileReference; lastKnownFileType = image.png; path = "Default-568h@2x.png"; sourceTree = "<group>"; };
/* End PBXFileReference section */

/* Begin PBXFrameworksBuildPhase section */
		C76B274E138B6C590073FD80 /* Frameworks */ = {
			isa = PBXFrameworksBuildPhase;
			buildActionMask = 2147483647;
			files = (
				C7A24DF413942D280001BE23 /* libsqlite3.dylib in Frameworks */,
				C7AAF6AA138CCF0800818B4A /* libz.1.2.3.dylib in Frameworks */,
				C7AAF6A8138CCEE800818B4A /* MobileCoreServices.framework in Frameworks */,
				C7AAF6A6138CCED800818B4A /* SystemConfiguration.framework in Frameworks */,
				C7AAF6A4138CCEC100818B4A /* CFNetwork.framework in Frameworks */,
				C76B2756138B6C590073FD80 /* UIKit.framework in Frameworks */,
				C76B2758138B6C590073FD80 /* Foundation.framework in Frameworks */,
				C76B275A138B6C590073FD80 /* CoreGraphics.framework in Frameworks */,
			);
			runOnlyForDeploymentPostprocessing = 0;
		};
		C76B2771138B6C590073FD80 /* Frameworks */ = {
			isa = PBXFrameworksBuildPhase;
			buildActionMask = 2147483647;
			files = (
				C76B2776138B6C590073FD80 /* UIKit.framework in Frameworks */,
				C76B2777138B6C590073FD80 /* Foundation.framework in Frameworks */,
				C76B2778138B6C590073FD80 /* CoreGraphics.framework in Frameworks */,
			);
			runOnlyForDeploymentPostprocessing = 0;
		};
/* End PBXFrameworksBuildPhase section */

/* Begin PBXGroup section */
		C76B2746138B6C580073FD80 = {
			isa = PBXGroup;
			children = (
				DB92CF681760EE080035C25D /* Default-568h@2x.png */,
				C7A24DF313942D280001BE23 /* libsqlite3.dylib */,
				C76B275B138B6C590073FD80 /* Pandemobium */,
				C76B277B138B6C590073FD80 /* PandemobiumTests */,
				C76B2754138B6C590073FD80 /* Frameworks */,
				C76B2752138B6C590073FD80 /* Products */,
			);
			sourceTree = "<group>";
		};
		C76B2752138B6C590073FD80 /* Products */ = {
			isa = PBXGroup;
			children = (
				C76B2751138B6C590073FD80 /* Pandemobium.app */,
				C76B2775138B6C590073FD80 /* PandemobiumTests.octest */,
			);
			name = Products;
			sourceTree = "<group>";
		};
		C76B2754138B6C590073FD80 /* Frameworks */ = {
			isa = PBXGroup;
			children = (
				C7AAF6A9138CCF0800818B4A /* libz.1.2.3.dylib */,
				C7AAF6A7138CCEE800818B4A /* MobileCoreServices.framework */,
				C7AAF6A5138CCED800818B4A /* SystemConfiguration.framework */,
				C7AAF6A3138CCEC100818B4A /* CFNetwork.framework */,
				C76B2755138B6C590073FD80 /* UIKit.framework */,
				C76B2757138B6C590073FD80 /* Foundation.framework */,
				C76B2759138B6C590073FD80 /* CoreGraphics.framework */,
			);
			name = Frameworks;
			sourceTree = "<group>";
		};
		C76B275B138B6C590073FD80 /* Pandemobium */ = {
			isa = PBXGroup;
			children = (
				C7A24DEF13940FAB0001BE23 /* Utils */,
				C7A24DEE13940E9A0001BE23 /* Controllers */,
				C7A24DEC13940D450001BE23 /* xib */,
				C7AAF6D2138CD00F00818B4A /* Yahoo */,
				C7AAF6AB138CCF9500818B4A /* JSON */,
				C7AAF69F138CCDF100818B4A /* APPLE */,
				C7AAF682138CCDE400818B4A /* ASI */,
				C76B2764138B6C590073FD80 /* PandemobiumAppDelegate.h */,
				C76B2765138B6C590073FD80 /* PandemobiumAppDelegate.m */,
				C76B275C138B6C590073FD80 /* Supporting Files */,
			);
			path = Pandemobium;
			sourceTree = "<group>";
		};
		C76B275C138B6C590073FD80 /* Supporting Files */ = {
			isa = PBXGroup;
			children = (
				C76B275D138B6C590073FD80 /* Pandemobium-Info.plist */,
				C76B275E138B6C590073FD80 /* InfoPlist.strings */,
				C76B2761138B6C590073FD80 /* Pandemobium-Prefix.pch */,
				C76B2762138B6C590073FD80 /* main.m */,
			);
			name = "Supporting Files";
			sourceTree = "<group>";
		};
		C76B277B138B6C590073FD80 /* PandemobiumTests */ = {
			isa = PBXGroup;
			children = (
				C76B2782138B6C590073FD80 /* PandemobiumTests.h */,
				C76B2784138B6C590073FD80 /* PandemobiumTests.m */,
				C76B277C138B6C590073FD80 /* Supporting Files */,
			);
			path = PandemobiumTests;
			sourceTree = "<group>";
		};
		C76B277C138B6C590073FD80 /* Supporting Files */ = {
			isa = PBXGroup;
			children = (
				C76B277D138B6C590073FD80 /* PandemobiumTests-Info.plist */,
				C76B277E138B6C590073FD80 /* InfoPlist.strings */,
				C76B2781138B6C590073FD80 /* PandemobiumTests-Prefix.pch */,
			);
			name = "Supporting Files";
			sourceTree = "<group>";
		};
		C7A24DEC13940D450001BE23 /* xib */ = {
			isa = PBXGroup;
			children = (
				C76B2796138B756D0073FD80 /* WebView.xib */,
				C76B2790138B72E60073FD80 /* Preferences.xib */,
				C76B2792138B73C50073FD80 /* HistoryView.xib */,
				C76B2794138B747F0073FD80 /* TipView.xib */,
				C76B278E138B6F9A0073FD80 /* BuyView.xib */,
				C76B276D138B6C590073FD80 /* RootViewController.xib */,
				C76B2767138B6C590073FD80 /* MainWindow.xib */,
			);
			name = xib;
			sourceTree = "<group>";
		};
		C7A24DEE13940E9A0001BE23 /* Controllers */ = {
			isa = PBXGroup;
			children = (
				C76B276A138B6C590073FD80 /* RootViewController.h */,
				C76B276B138B6C590073FD80 /* RootViewController.m */,
				C7AAF658138C882100818B4A /* BuyViewController.h */,
				C7AAF659138C882100818B4A /* BuyViewController.m */,
				C7AAF666138C949400818B4A /* TipViewController.h */,
				C7AAF667138C949400818B4A /* TipViewController.m */,
				C7AAF669138C962500818B4A /* PreferencesViewController.h */,
				C7AAF66A138C962500818B4A /* PreferencesViewController.m */,
				C7AAF66C138C9A2D00818B4A /* HistoryViewController.h */,
				C7AAF66D138C9A2D00818B4A /* HistoryViewController.m */,
				C7AAF66F138C9BD500818B4A /* ManageTipsViewController.h */,
				C7AAF670138C9BD500818B4A /* ManageTipsViewController.m */,
			);
			name = Controllers;
			sourceTree = "<group>";
		};
		C7A24DEF13940FAB0001BE23 /* Utils */ = {
			isa = PBXGroup;
			children = (
				C7A24DF013940FE60001BE23 /* StockDatabase.h */,
				C7A24DF113940FE60001BE23 /* StockDatabase.m */,
			);
			name = Utils;
			sourceTree = "<group>";
		};
		C7AAF682138CCDE400818B4A /* ASI */ = {
			isa = PBXGroup;
			children = (
				C7AAF683138CCDE500818B4A /* ASIAuthenticationDialog.h */,
				C7AAF684138CCDE500818B4A /* ASIAuthenticationDialog.m */,
				C7AAF685138CCDE500818B4A /* ASICacheDelegate.h */,
				C7AAF686138CCDE500818B4A /* ASIDataCompressor.h */,
				C7AAF687138CCDE500818B4A /* ASIDataCompressor.m */,
				C7AAF688138CCDE500818B4A /* ASIDataDecompressor.h */,
				C7AAF689138CCDE500818B4A /* ASIDataDecompressor.m */,
				C7AAF68A138CCDE500818B4A /* ASIDownloadCache.h */,
				C7AAF68B138CCDE500818B4A /* ASIDownloadCache.m */,
				C7AAF68C138CCDE500818B4A /* ASIFormDataRequest.h */,
				C7AAF68D138CCDE500818B4A /* ASIFormDataRequest.m */,
				C7AAF68E138CCDE500818B4A /* ASIHTTPRequest.h */,
				C7AAF68F138CCDE500818B4A /* ASIHTTPRequest.m */,
				C7AAF690138CCDE500818B4A /* ASIHTTPRequestConfig.h */,
				C7AAF691138CCDE500818B4A /* ASIHTTPRequestDelegate.h */,
				C7AAF692138CCDE500818B4A /* ASIInputStream.h */,
				C7AAF693138CCDE500818B4A /* ASIInputStream.m */,
				C7AAF694138CCDE500818B4A /* ASINetworkQueue.h */,
				C7AAF695138CCDE500818B4A /* ASINetworkQueue.m */,
				C7AAF696138CCDE500818B4A /* ASIProgressDelegate.h */,
			);
			path = ASI;
			sourceTree = "<group>";
		};
		C7AAF69F138CCDF100818B4A /* APPLE */ = {
			isa = PBXGroup;
			children = (
				C7AAF6A0138CCDF100818B4A /* Reachability.h */,
				C7AAF6A1138CCDF100818B4A /* Reachability.m */,
			);
			path = APPLE;
			sourceTree = "<group>";
		};
		C7AAF6AB138CCF9500818B4A /* JSON */ = {
			isa = PBXGroup;
			children = (
				C7AAF6AC138CCF9600818B4A /* JSON.h */,
				C7AAF6AD138CCF9600818B4A /* NSObject+JSON.h */,
				C7AAF6AE138CCF9600818B4A /* NSObject+JSON.m */,
				C7AAF6AF138CCF9600818B4A /* SBJsonIncludes.h */,
				C7AAF6B0138CCF9600818B4A /* SBJsonParser.h */,
				C7AAF6B1138CCF9600818B4A /* SBJsonParser.m */,
				C7AAF6B2138CCF9600818B4A /* SBJsonStreamParser.h */,
				C7AAF6B3138CCF9600818B4A /* SBJsonStreamParser.m */,
				C7AAF6B4138CCF9600818B4A /* SBJsonStreamParserAccumulator.h */,
				C7AAF6B5138CCF9600818B4A /* SBJsonStreamParserAccumulator.m */,
				C7AAF6B6138CCF9600818B4A /* SBJsonStreamParserAdapter.h */,
				C7AAF6B7138CCF9600818B4A /* SBJsonStreamParserAdapter.m */,
				C7AAF6B8138CCF9600818B4A /* SBJsonStreamParserState.h */,
				C7AAF6B9138CCF9600818B4A /* SBJsonStreamParserState.m */,
				C7AAF6BA138CCF9600818B4A /* SBJsonStreamWriter.h */,
				C7AAF6BB138CCF9600818B4A /* SBJsonStreamWriter.m */,
				C7AAF6BC138CCF9600818B4A /* SBJsonStreamWriterAccumulator.h */,
				C7AAF6BD138CCF9600818B4A /* SBJsonStreamWriterAccumulator.m */,
				C7AAF6BE138CCF9600818B4A /* SBJsonStreamWriterState.h */,
				C7AAF6BF138CCF9600818B4A /* SBJsonStreamWriterState.m */,
				C7AAF6C0138CCF9600818B4A /* SBJsonTokeniser.h */,
				C7AAF6C1138CCF9600818B4A /* SBJsonTokeniser.m */,
				C7AAF6C2138CCF9600818B4A /* SBJsonWriter.h */,
				C7AAF6C3138CCF9600818B4A /* SBJsonWriter.m */,
				C7AAF6C4138CCF9600818B4A /* SBUTF8Stream.h */,
				C7AAF6C5138CCF9600818B4A /* SBUTF8Stream.m */,
			);
			path = JSON;
			sourceTree = "<group>";
		};
		C7AAF6D2138CD00F00818B4A /* Yahoo */ = {
			isa = PBXGroup;
			children = (
				C7AAF6D3138CD00F00818B4A /* BSYahooFinance.h */,
				C7AAF6D4138CD00F00818B4A /* Entities */,
				C7AAF6DB138CD01000818B4A /* StockExchangeCurrency.plist */,
				C7AAF6DC138CD01000818B4A /* YFCurrencyConversion.h */,
				C7AAF6DD138CD01000818B4A /* YFCurrencyConversion.m */,
				C7AAF6DE138CD01000818B4A /* YFStockDetailsLoader.h */,
				C7AAF6DF138CD01000818B4A /* YFStockDetailsLoader.m */,
				C7AAF6E0138CD01000818B4A /* YFStockSymbolSearch.h */,
				C7AAF6E1138CD01000818B4A /* YFStockSymbolSearch.m */,
			);
			path = Yahoo;
			sourceTree = "<group>";
		};
		C7AAF6D4138CD00F00818B4A /* Entities */ = {
			isa = PBXGroup;
			children = (
				C7AAF6D5138CD01000818B4A /* YFStockDetails.h */,
				C7AAF6D6138CD01000818B4A /* YFStockDetails.m */,
				C7AAF6D7138CD01000818B4A /* YFStockSymbol.h */,
				C7AAF6D8138CD01000818B4A /* YFStockSymbol.m */,
				C7AAF6D9138CD01000818B4A /* YFTwoValueObject.h */,
				C7AAF6DA138CD01000818B4A /* YFTwoValueObject.m */,
			);
			path = Entities;
			sourceTree = "<group>";
		};
/* End PBXGroup section */

/* Begin PBXNativeTarget section */
		C76B2750138B6C590073FD80 /* Pandemobium */ = {
			isa = PBXNativeTarget;
			buildConfigurationList = C76B2788138B6C590073FD80 /* Build configuration list for PBXNativeTarget "Pandemobium" */;
			buildPhases = (
				C76B274D138B6C590073FD80 /* Sources */,
				C76B274E138B6C590073FD80 /* Frameworks */,
				C76B274F138B6C590073FD80 /* Resources */,
			);
			buildRules = (
			);
			dependencies = (
			);
			name = Pandemobium;
			productName = Pandemobium;
			productReference = C76B2751138B6C590073FD80 /* Pandemobium.app */;
			productType = "com.apple.product-type.application";
		};
		C76B2774138B6C590073FD80 /* PandemobiumTests */ = {
			isa = PBXNativeTarget;
			buildConfigurationList = C76B278B138B6C590073FD80 /* Build configuration list for PBXNativeTarget "PandemobiumTests" */;
			buildPhases = (
				C76B2770138B6C590073FD80 /* Sources */,
				C76B2771138B6C590073FD80 /* Frameworks */,
				C76B2772138B6C590073FD80 /* Resources */,
				C76B2773138B6C590073FD80 /* ShellScript */,
			);
			buildRules = (
			);
			dependencies = (
				C76B277A138B6C590073FD80 /* PBXTargetDependency */,
			);
			name = PandemobiumTests;
			productName = PandemobiumTests;
			productReference = C76B2775138B6C590073FD80 /* PandemobiumTests.octest */;
			productType = "com.apple.product-type.bundle";
		};
/* End PBXNativeTarget section */

/* Begin PBXProject section */
		C76B2748138B6C580073FD80 /* Project object */ = {
			isa = PBXProject;
			attributes = {
				LastUpgradeCheck = 0460;
				ORGANIZATIONNAME = "Denim Group";
			};
			buildConfigurationList = C76B274B138B6C580073FD80 /* Build configuration list for PBXProject "Pandemobium" */;
			compatibilityVersion = "Xcode 3.2";
			developmentRegion = English;
			hasScannedForEncodings = 0;
			knownRegions = (
				en,
			);
			mainGroup = C76B2746138B6C580073FD80;
			productRefGroup = C76B2752138B6C590073FD80 /* Products */;
			projectDirPath = "";
			projectRoot = "";
			targets = (
				C76B2750138B6C590073FD80 /* Pandemobium */,
				C76B2774138B6C590073FD80 /* PandemobiumTests */,
			);
		};
/* End PBXProject section */

/* Begin PBXResourcesBuildPhase section */
		C76B274F138B6C590073FD80 /* Resources */ = {
			isa = PBXResourcesBuildPhase;
			buildActionMask = 2147483647;
			files = (
				C76B2760138B6C590073FD80 /* InfoPlist.strings in Resources */,
				C76B2769138B6C590073FD80 /* MainWindow.xib in Resources */,
				C76B276F138B6C590073FD80 /* RootViewController.xib in Resources */,
				C76B278F138B6F9A0073FD80 /* BuyView.xib in Resources */,
				C76B2791138B72E60073FD80 /* Preferences.xib in Resources */,
				C76B2793138B73C50073FD80 /* HistoryView.xib in Resources */,
				C76B2795138B747F0073FD80 /* TipView.xib in Resources */,
				C76B2797138B756D0073FD80 /* WebView.xib in Resources */,
				C7AAF6E5138CD01000818B4A /* StockExchangeCurrency.plist in Resources */,
				DB92CF6A1760EE520035C25D /* Default-568h@2x.png in Resources */,
			);
			runOnlyForDeploymentPostprocessing = 0;
		};
		C76B2772138B6C590073FD80 /* Resources */ = {
			isa = PBXResourcesBuildPhase;
			buildActionMask = 2147483647;
			files = (
				C76B2780138B6C590073FD80 /* InfoPlist.strings in Resources */,
				C76B2783138B6C590073FD80 /* PandemobiumTests.h in Resources */,
			);
			runOnlyForDeploymentPostprocessing = 0;
		};
/* End PBXResourcesBuildPhase section */

/* Begin PBXShellScriptBuildPhase section */
		C76B2773138B6C590073FD80 /* ShellScript */ = {
			isa = PBXShellScriptBuildPhase;
			buildActionMask = 2147483647;
			files = (
			);
			inputPaths = (
			);
			outputPaths = (
			);
			runOnlyForDeploymentPostprocessing = 0;
			shellPath = /bin/sh;
			shellScript = "# Run the unit tests in this test bundle.\n\"${SYSTEM_DEVELOPER_DIR}/Tools/RunUnitTests\"\n";
		};
/* End PBXShellScriptBuildPhase section */

/* Begin PBXSourcesBuildPhase section */
		C76B274D138B6C590073FD80 /* Sources */ = {
			isa = PBXSourcesBuildPhase;
			buildActionMask = 2147483647;
			files = (
				C76B2763138B6C590073FD80 /* main.m in Sources */,
				C76B2766138B6C590073FD80 /* PandemobiumAppDelegate.m in Sources */,
				C76B276C138B6C590073FD80 /* RootViewController.m in Sources */,
				C7AAF65B138C882100818B4A /* BuyViewController.m in Sources */,
				C7AAF668138C949400818B4A /* TipViewController.m in Sources */,
				C7AAF66B138C962500818B4A /* PreferencesViewController.m in Sources */,
				C7AAF66E138C9A2E00818B4A /* HistoryViewController.m in Sources */,
				C7AAF671138C9BD500818B4A /* ManageTipsViewController.m in Sources */,
				C7AAF697138CCDE500818B4A /* ASIAuthenticationDialog.m in Sources */,
				C7AAF698138CCDE500818B4A /* ASIDataCompressor.m in Sources */,
				C7AAF699138CCDE500818B4A /* ASIDataDecompressor.m in Sources */,
				C7AAF69A138CCDE500818B4A /* ASIDownloadCache.m in Sources */,
				C7AAF69B138CCDE500818B4A /* ASIFormDataRequest.m in Sources */,
				C7AAF69C138CCDE500818B4A /* ASIHTTPRequest.m in Sources */,
				C7AAF69D138CCDE500818B4A /* ASIInputStream.m in Sources */,
				C7AAF69E138CCDE500818B4A /* ASINetworkQueue.m in Sources */,
				C7AAF6A2138CCDF100818B4A /* Reachability.m in Sources */,
				C7AAF6C6138CCF9600818B4A /* NSObject+JSON.m in Sources */,
				C7AAF6C7138CCF9600818B4A /* SBJsonParser.m in Sources */,
				C7AAF6C8138CCF9600818B4A /* SBJsonStreamParser.m in Sources */,
				C7AAF6C9138CCF9600818B4A /* SBJsonStreamParserAccumulator.m in Sources */,
				C7AAF6CA138CCF9600818B4A /* SBJsonStreamParserAdapter.m in Sources */,
				C7AAF6CB138CCF9600818B4A /* SBJsonStreamParserState.m in Sources */,
				C7AAF6CC138CCF9600818B4A /* SBJsonStreamWriter.m in Sources */,
				C7AAF6CD138CCF9600818B4A /* SBJsonStreamWriterAccumulator.m in Sources */,
				C7AAF6CE138CCF9600818B4A /* SBJsonStreamWriterState.m in Sources */,
				C7AAF6CF138CCF9600818B4A /* SBJsonTokeniser.m in Sources */,
				C7AAF6D0138CCF9600818B4A /* SBJsonWriter.m in Sources */,
				C7AAF6D1138CCF9600818B4A /* SBUTF8Stream.m in Sources */,
				C7AAF6E2138CD01000818B4A /* YFStockDetails.m in Sources */,
				C7AAF6E3138CD01000818B4A /* YFStockSymbol.m in Sources */,
				C7AAF6E4138CD01000818B4A /* YFTwoValueObject.m in Sources */,
				C7AAF6E6138CD01000818B4A /* YFCurrencyConversion.m in Sources */,
				C7AAF6E7138CD01000818B4A /* YFStockDetailsLoader.m in Sources */,
				C7AAF6E8138CD01000818B4A /* YFStockSymbolSearch.m in Sources */,
				C7A24DF213940FE60001BE23 /* StockDatabase.m in Sources */,
			);
			runOnlyForDeploymentPostprocessing = 0;
		};
		C76B2770138B6C590073FD80 /* Sources */ = {
			isa = PBXSourcesBuildPhase;
			buildActionMask = 2147483647;
			files = (
				C76B2785138B6C590073FD80 /* PandemobiumTests.m in Sources */,
			);
			runOnlyForDeploymentPostprocessing = 0;
		};
/* End PBXSourcesBuildPhase section */

/* Begin PBXTargetDependency section */
		C76B277A138B6C590073FD80 /* PBXTargetDependency */ = {
			isa = PBXTargetDependency;
			target = C76B2750138B6C590073FD80 /* Pandemobium */;
			targetProxy = C76B2779138B6C590073FD80 /* PBXContainerItemProxy */;
		};
/* End PBXTargetDependency section */

/* Begin PBXVariantGroup section */
		C76B275E138B6C590073FD80 /* InfoPlist.strings */ = {
			isa = PBXVariantGroup;
			children = (
				C76B275F138B6C590073FD80 /* en */,
			);
			name = InfoPlist.strings;
			sourceTree = "<group>";
		};
		C76B2767138B6C590073FD80 /* MainWindow.xib */ = {
			isa = PBXVariantGroup;
			children = (
				C76B2768138B6C590073FD80 /* en */,
			);
			name = MainWindow.xib;
			sourceTree = "<group>";
		};
		C76B276D138B6C590073FD80 /* RootViewController.xib */ = {
			isa = PBXVariantGroup;
			children = (
				C76B276E138B6C590073FD80 /* en */,
			);
			name = RootViewController.xib;
			sourceTree = "<group>";
		};
		C76B277E138B6C590073FD80 /* InfoPlist.strings */ = {
			isa = PBXVariantGroup;
			children = (
				C76B277F138B6C590073FD80 /* en */,
			);
			name = InfoPlist.strings;
			sourceTree = "<group>";
		};
/* End PBXVariantGroup section */

/* Begin XCBuildConfiguration section */
		C76B2786138B6C590073FD80 /* Debug */ = {
			isa = XCBuildConfiguration;
			buildSettings = {
				ARCHS = "$(ARCHS_STANDARD_32_BIT)";
				"CODE_SIGN_IDENTITY[sdk=iphoneos*]" = "iPhone Developer";
				GCC_C_LANGUAGE_STANDARD = gnu99;
				GCC_OPTIMIZATION_LEVEL = 0;
				GCC_PREPROCESSOR_DEFINITIONS = DEBUG;
				GCC_SYMBOLS_PRIVATE_EXTERN = NO;
				GCC_VERSION = com.apple.compilers.llvmgcc42;
				GCC_WARN_ABOUT_RETURN_TYPE = YES;
				GCC_WARN_UNUSED_VARIABLE = YES;
				IPHONEOS_DEPLOYMENT_TARGET = 4.3;
				SDKROOT = iphoneos;
			};
			name = Debug;
		};
		C76B2787138B6C590073FD80 /* Release */ = {
			isa = XCBuildConfiguration;
			buildSettings = {
				ARCHS = "$(ARCHS_STANDARD_32_BIT)";
				"CODE_SIGN_IDENTITY[sdk=iphoneos*]" = "iPhone Developer";
				GCC_C_LANGUAGE_STANDARD = gnu99;
				GCC_VERSION = com.apple.compilers.llvmgcc42;
				GCC_WARN_ABOUT_RETURN_TYPE = YES;
				GCC_WARN_UNUSED_VARIABLE = YES;
				IPHONEOS_DEPLOYMENT_TARGET = 4.3;
				OTHER_CFLAGS = "-DNS_BLOCK_ASSERTIONS=1";
				SDKROOT = iphoneos;
			};
			name = Release;
		};
		C76B2789138B6C590073FD80 /* Debug */ = {
			isa = XCBuildConfiguration;
			buildSettings = {
				ALWAYS_SEARCH_USER_PATHS = NO;
				COPY_PHASE_STRIP = NO;
				GCC_DYNAMIC_NO_PIC = NO;
				GCC_PRECOMPILE_PREFIX_HEADER = YES;
				GCC_PREFIX_HEADER = "Pandemobium/Pandemobium-Prefix.pch";
				GCC_VERSION = com.apple.compilers.llvm.clang.1_0;
				INFOPLIST_FILE = "Pandemobium/Pandemobium-Info.plist";
				PRODUCT_NAME = "$(TARGET_NAME)";
				WRAPPER_EXTENSION = app;
			};
			name = Debug;
		};
		C76B278A138B6C590073FD80 /* Release */ = {
			isa = XCBuildConfiguration;
			buildSettings = {
				ALWAYS_SEARCH_USER_PATHS = NO;
				COPY_PHASE_STRIP = YES;
				GCC_PRECOMPILE_PREFIX_HEADER = YES;
				GCC_PREFIX_HEADER = "Pandemobium/Pandemobium-Prefix.pch";
				GCC_VERSION = com.apple.compilers.llvm.clang.1_0;
				INFOPLIST_FILE = "Pandemobium/Pandemobium-Info.plist";
				PRODUCT_NAME = "$(TARGET_NAME)";
				VALIDATE_PRODUCT = YES;
				WRAPPER_EXTENSION = app;
			};
			name = Release;
		};
		C76B278C138B6C590073FD80 /* Debug */ = {
			isa = XCBuildConfiguration;
			buildSettings = {
				ALWAYS_SEARCH_USER_PATHS = NO;
				BUNDLE_LOADER = "$(BUILT_PRODUCTS_DIR)/Pandemobium.app/Pandemobium";
				FRAMEWORK_SEARCH_PATHS = (
					"$(SDKROOT)/Developer/Library/Frameworks",
					"$(DEVELOPER_LIBRARY_DIR)/Frameworks",
				);
				GCC_PRECOMPILE_PREFIX_HEADER = YES;
				GCC_PREFIX_HEADER = "PandemobiumTests/PandemobiumTests-Prefix.pch";
				GCC_VERSION = com.apple.compilers.llvm.clang.1_0;
				INFOPLIST_FILE = "PandemobiumTests/PandemobiumTests-Info.plist";
				OTHER_LDFLAGS = (
					"-framework",
					SenTestingKit,
				);
				PRODUCT_NAME = "$(TARGET_NAME)";
				TEST_HOST = "$(BUNDLE_LOADER)";
				WRAPPER_EXTENSION = octest;
			};
			name = Debug;
		};
		C76B278D138B6C590073FD80 /* Release */ = {
			isa = XCBuildConfiguration;
			buildSettings = {
				ALWAYS_SEARCH_USER_PATHS = NO;
				BUNDLE_LOADER = "$(BUILT_PRODUCTS_DIR)/Pandemobium.app/Pandemobium";
				FRAMEWORK_SEARCH_PATHS = (
					"$(SDKROOT)/Developer/Library/Frameworks",
					"$(DEVELOPER_LIBRARY_DIR)/Frameworks",
				);
				GCC_PRECOMPILE_PREFIX_HEADER = YES;
				GCC_PREFIX_HEADER = "PandemobiumTests/PandemobiumTests-Prefix.pch";
				GCC_VERSION = com.apple.compilers.llvm.clang.1_0;
				INFOPLIST_FILE = "PandemobiumTests/PandemobiumTests-Info.plist";
				OTHER_LDFLAGS = (
					"-framework",
					SenTestingKit,
				);
				PRODUCT_NAME = "$(TARGET_NAME)";
				TEST_HOST = "$(BUNDLE_LOADER)";
				WRAPPER_EXTENSION = octest;
			};
			name = Release;
		};
/* End XCBuildConfiguration section */

/* Begin XCConfigurationList section */
		C76B274B138B6C580073FD80 /* Build configuration list for PBXProject "Pandemobium" */ = {
			isa = XCConfigurationList;
			buildConfigurations = (
				C76B2786138B6C590073FD80 /* Debug */,
				C76B2787138B6C590073FD80 /* Release */,
			);
			defaultConfigurationIsVisible = 0;
			defaultConfigurationName = Release;
		};
		C76B2788138B6C590073FD80 /* Build configuration list for PBXNativeTarget "Pandemobium" */ = {
			isa = XCConfigurationList;
			buildConfigurations = (
				C76B2789138B6C590073FD80 /* Debug */,
				C76B278A138B6C590073FD80 /* Release */,
			);
			defaultConfigurationIsVisible = 0;
			defaultConfigurationName = Release;
		};
		C76B278B138B6C590073FD80 /* Build configuration list for PBXNativeTarget "PandemobiumTests" */ = {
			isa = XCConfigurationList;
			buildConfigurations = (
				C76B278C138B6C590073FD80 /* Debug */,
				C76B278D138B6C590073FD80 /* Release */,
			);
			defaultConfigurationIsVisible = 0;
			defaultConfigurationName = Release;
		};
/* End XCConfigurationList section */
	};
	rootObject = C76B2748138B6C580073FD80 /* Project object */;
}
