// !$*UTF8*$!
{
	archiveVersion = 1;
	classes = {
	};
	objectVersion = 46;
	objects = {

/* Begin PBXBuildFile section */
		BE05E6BF179D93A500A42EE2 /* accounts.plist in Resources */ = {isa = PBXBuildFile; fileRef = BEF0D0F51794547500B5C6C3 /* accounts.plist */; };
		BE05E6C5179DE04A00A42EE2 /* Security.framework in Frameworks */ = {isa = PBXBuildFile; fileRef = BE05E6C0179DCA6800A42EE2 /* Security.framework */; };
		BE099C00179D8E5A002ED292 /* CoreLocation.framework in Frameworks */ = {isa = PBXBuildFile; fileRef = BE099BFF179D8E5A002ED292 /* CoreLocation.framework */; };
		BE099C16179DB91F002ED292 /* StoreKit.framework in Frameworks */ = {isa = PBXBuildFile; fileRef = BE099C15179DB91F002ED292 /* StoreKit.framework */; };
		BE099C18179ECCCC002ED292 /* MobileCoreServices.framework in Frameworks */ = {isa = PBXBuildFile; fileRef = BE099C17179ECCCC002ED292 /* MobileCoreServices.framework */; };
		BE099C1A179ECD07002ED292 /* SystemConfiguration.framework in Frameworks */ = {isa = PBXBuildFile; fileRef = BE099C19179ECD07002ED292 /* SystemConfiguration.framework */; };
		BE099C1F179ED17E002ED292 /* iVersion.bundle in Resources */ = {isa = PBXBuildFile; fileRef = BE099C1C179ED17E002ED292 /* iVersion.bundle */; };
		BE099C20179ED17E002ED292 /* iVersion.m in Sources */ = {isa = PBXBuildFile; fileRef = BE099C1E179ED17E002ED292 /* iVersion.m */; };
		BE0F6AFA1771F5E500A01190 /* libsqlite3.dylib in Frameworks */ = {isa = PBXBuildFile; fileRef = BE0F6AF91771F5E500A01190 /* libsqlite3.dylib */; };
		BE0F6AFC1771F5F300A01190 /* libz.dylib in Frameworks */ = {isa = PBXBuildFile; fileRef = BE0F6AFB1771F5F200A01190 /* libz.dylib */; };
		BE0F91B41771F72400A01190 /* libCorePlot-CocoaTouch.a in Frameworks */ = {isa = PBXBuildFile; fileRef = BE0F91B31771F72400A01190 /* libCorePlot-CocoaTouch.a */; };
		BE0F91BE17721BF000A01190 /* CoreData.framework in Frameworks */ = {isa = PBXBuildFile; fileRef = BE0F91BD17721BEF00A01190 /* CoreData.framework */; };
		BE37290E17A02FB200FB84E7 /* KeychainItemWrapper.m in Sources */ = {isa = PBXBuildFile; fileRef = BE37290D17A02FB200FB84E7 /* KeychainItemWrapper.m */; };
		BE3B96A8178DFA300000CDB3 /* MainStoryboard.storyboard in Resources */ = {isa = PBXBuildFile; fileRef = BE3B96A7178DFA300000CDB3 /* MainStoryboard.storyboard */; };
		BE9EAAF21794714B0079C57A /* main.m in Sources */ = {isa = PBXBuildFile; fileRef = BEF0D0FC1794547500B5C6C3 /* main.m */; };
		BE9EAAF6179471DE0079C57A /* InitialViewController.m in Sources */ = {isa = PBXBuildFile; fileRef = BEF0D0EC179453E800B5C6C3 /* InitialViewController.m */; };
		BE9EAAF9179471DE0079C57A /* StockViewController.m in Sources */ = {isa = PBXBuildFile; fileRef = BEF0D0E617944DE900B5C6C3 /* StockViewController.m */; };
		BE9EAAFA179471DE0079C57A /* QuotesViewController.m in Sources */ = {isa = PBXBuildFile; fileRef = BEF0D0DE17944D6A00B5C6C3 /* QuotesViewController.m */; };
		BE9EAAFC179471DE0079C57A /* MenuViewController.m in Sources */ = {isa = PBXBuildFile; fileRef = BEF0D0EE179453FD00B5C6C3 /* MenuViewController.m */; };
		BE9EAAFF179471DE0079C57A /* TipsViewController.m in Sources */ = {isa = PBXBuildFile; fileRef = BEF0D0E817944E1500B5C6C3 /* TipsViewController.m */; };
		BE9EAB01179471DE0079C57A /* TradeViewController.m in Sources */ = {isa = PBXBuildFile; fileRef = BEF0D0EA17944E1500B5C6C3 /* TradeViewController.m */; };
		BE9EAB02179471DE0079C57A /* RightViewController.m in Sources */ = {isa = PBXBuildFile; fileRef = BEF0D0E017944D8B00B5C6C3 /* RightViewController.m */; };
		BE9EAB04179471DE0079C57A /* SettingsViewController.m in Sources */ = {isa = PBXBuildFile; fileRef = BEF0D0E217944DC500B5C6C3 /* SettingsViewController.m */; };
		BE9EAB07179471DE0079C57A /* PortfolioViewController.m in Sources */ = {isa = PBXBuildFile; fileRef = BEF0D0F21794543100B5C6C3 /* PortfolioViewController.m */; };
		BE9EAB08179471DE0079C57A /* SignInViewController.m in Sources */ = {isa = PBXBuildFile; fileRef = BEF0D0E417944DC500B5C6C3 /* SignInViewController.m */; };
		BE9EAB0A179471DE0079C57A /* HistoryViewController.m in Sources */ = {isa = PBXBuildFile; fileRef = BEF0D0F01794542000B5C6C3 /* HistoryViewController.m */; };
		BE9EAB0C179471DE0079C57A /* NewsViewController.m in Sources */ = {isa = PBXBuildFile; fileRef = BEF0D0F41794544600B5C6C3 /* NewsViewController.m */; };
		BE9EAB0F179472480079C57A /* AppDelegate.m in Sources */ = {isa = PBXBuildFile; fileRef = BEEF701E176F74DA00D63EB8 /* AppDelegate.m */; };
		BE9EAB14179472B70079C57A /* UIImage+ImageWithUIView.m in Sources */ = {isa = PBXBuildFile; fileRef = BEF0D09417944CAA00B5C6C3 /* UIImage+ImageWithUIView.m */; };
		BE9EAB15179473B60079C57A /* DBHelper.m in Sources */ = {isa = PBXBuildFile; fileRef = BEF0D07F17944C4000B5C6C3 /* DBHelper.m */; };
		BE9EAB16179473BB0079C57A /* SVProgressHUD.m in Sources */ = {isa = PBXBuildFile; fileRef = BEF0D1031794583900B5C6C3 /* SVProgressHUD.m */; };
		BE9EAB17179473D20079C57A /* CoreDataInterface.m in Sources */ = {isa = PBXBuildFile; fileRef = BEF0D08617944C8A00B5C6C3 /* CoreDataInterface.m */; };
		BE9EAB19179473E50079C57A /* User.m in Sources */ = {isa = PBXBuildFile; fileRef = BEF0D08117944C4000B5C6C3 /* User.m */; };
		BE9EAB1A179474200079C57A /* ECSlidingViewController.m in Sources */ = {isa = PBXBuildFile; fileRef = BEF0D09217944CAA00B5C6C3 /* ECSlidingViewController.m */; };
		BE9EAB211794810A0079C57A /* Stock.m in Sources */ = {isa = PBXBuildFile; fileRef = BE9EAB201794810A0079C57A /* Stock.m */; };
		BE9EAB24179481C10079C57A /* ClientStocks.xcdatamodeld in Sources */ = {isa = PBXBuildFile; fileRef = BE9EAB22179481C10079C57A /* ClientStocks.xcdatamodeld */; };
		BE9EAB3917948F710079C57A /* AFHTTPClient.m in Sources */ = {isa = PBXBuildFile; fileRef = BE9EAB2717948F710079C57A /* AFHTTPClient.m */; };
		BE9EAB3A17948F710079C57A /* AFHTTPRequestOperation.m in Sources */ = {isa = PBXBuildFile; fileRef = BE9EAB2917948F710079C57A /* AFHTTPRequestOperation.m */; };
		BE9EAB3B17948F710079C57A /* AFImageRequestOperation.m in Sources */ = {isa = PBXBuildFile; fileRef = BE9EAB2B17948F710079C57A /* AFImageRequestOperation.m */; };
		BE9EAB3C17948F710079C57A /* AFJSONRequestOperation.m in Sources */ = {isa = PBXBuildFile; fileRef = BE9EAB2D17948F710079C57A /* AFJSONRequestOperation.m */; };
		BE9EAB3D17948F710079C57A /* AFNetworkActivityIndicatorManager.m in Sources */ = {isa = PBXBuildFile; fileRef = BE9EAB2F17948F710079C57A /* AFNetworkActivityIndicatorManager.m */; };
		BE9EAB3E17948F710079C57A /* AFPropertyListRequestOperation.m in Sources */ = {isa = PBXBuildFile; fileRef = BE9EAB3217948F710079C57A /* AFPropertyListRequestOperation.m */; };
		BE9EAB3F17948F710079C57A /* AFURLConnectionOperation.m in Sources */ = {isa = PBXBuildFile; fileRef = BE9EAB3417948F710079C57A /* AFURLConnectionOperation.m */; };
		BE9EAB4017948F710079C57A /* AFXMLRequestOperation.m in Sources */ = {isa = PBXBuildFile; fileRef = BE9EAB3617948F710079C57A /* AFXMLRequestOperation.m */; };
		BE9EAB4117948F710079C57A /* UIImageView+AFNetworking.m in Sources */ = {isa = PBXBuildFile; fileRef = BE9EAB3817948F710079C57A /* UIImageView+AFNetworking.m */; };
		BED22FC21795A785004EE171 /* DBHTTPClient.m in Sources */ = {isa = PBXBuildFile; fileRef = BED22FC11795A785004EE171 /* DBHTTPClient.m */; };
		BEEF700F176F74DA00D63EB8 /* UIKit.framework in Frameworks */ = {isa = PBXBuildFile; fileRef = BEEF700E176F74DA00D63EB8 /* UIKit.framework */; };
		BEEF7011176F74DA00D63EB8 /* Foundation.framework in Frameworks */ = {isa = PBXBuildFile; fileRef = BEEF7010176F74DA00D63EB8 /* Foundation.framework */; };
		BEEF7013176F74DA00D63EB8 /* CoreGraphics.framework in Frameworks */ = {isa = PBXBuildFile; fileRef = BEEF7012176F74DA00D63EB8 /* CoreGraphics.framework */; };
		BEEF7019176F74DA00D63EB8 /* InfoPlist.strings in Resources */ = {isa = PBXBuildFile; fileRef = BEEF7017176F74DA00D63EB8 /* InfoPlist.strings */; };
		BEEF703D176F767600D63EB8 /* QuartzCore.framework in Frameworks */ = {isa = PBXBuildFile; fileRef = BEEF703C176F767600D63EB8 /* QuartzCore.framework */; };
		BEF0D08B17944C8A00B5C6C3 /* CompanySymbols.sqlite in Resources */ = {isa = PBXBuildFile; fileRef = BEF0D08417944C8A00B5C6C3 /* CompanySymbols.sqlite */; };
		BEF0D08D17944C8A00B5C6C3 /* defaultStocks.plist in Resources */ = {isa = PBXBuildFile; fileRef = BEF0D08717944C8A00B5C6C3 /* defaultStocks.plist */; };
		BEF0D08E17944C8A00B5C6C3 /* fullStockList.plist in Resources */ = {isa = PBXBuildFile; fileRef = BEF0D08817944C8A00B5C6C3 /* fullStockList.plist */; };
		BEF0D1041794583900B5C6C3 /* SVProgressHUD.bundle in Resources */ = {isa = PBXBuildFile; fileRef = BEF0D1011794583900B5C6C3 /* SVProgressHUD.bundle */; };
		BEF0D106179458B400B5C6C3 /* Default-568h@2x.png in Resources */ = {isa = PBXBuildFile; fileRef = BEF0D0F81794547500B5C6C3 /* Default-568h@2x.png */; };
		BEF0D10717945CCA00B5C6C3 /* main.m in Resources */ = {isa = PBXBuildFile; fileRef = BEF0D0FC1794547500B5C6C3 /* main.m */; };
		BEFF291E179868FE000F1FF3 /* ManageTipsViewController.m in Sources */ = {isa = PBXBuildFile; fileRef = BEFF291D179868FE000F1FF3 /* ManageTipsViewController.m */; };
/* End PBXBuildFile section */

/* Begin PBXFileReference section */
		BE05E6C0179DCA6800A42EE2 /* Security.framework */ = {isa = PBXFileReference; lastKnownFileType = wrapper.framework; name = Security.framework; path = System/Library/Frameworks/Security.framework; sourceTree = SDKROOT; };
		BE05E6C2179DCC0600A42EE2 /* libkeymgr.dylib */ = {isa = PBXFileReference; lastKnownFileType = "compiled.mach-o.dylib"; name = libkeymgr.dylib; path = usr/lib/system/libkeymgr.dylib; sourceTree = SDKROOT; };
		BE099BFF179D8E5A002ED292 /* CoreLocation.framework */ = {isa = PBXFileReference; lastKnownFileType = wrapper.framework; name = CoreLocation.framework; path = System/Library/Frameworks/CoreLocation.framework; sourceTree = SDKROOT; };
		BE099C15179DB91F002ED292 /* StoreKit.framework */ = {isa = PBXFileReference; lastKnownFileType = wrapper.framework; name = StoreKit.framework; path = System/Library/Frameworks/StoreKit.framework; sourceTree = SDKROOT; };
		BE099C17179ECCCC002ED292 /* MobileCoreServices.framework */ = {isa = PBXFileReference; lastKnownFileType = wrapper.framework; name = MobileCoreServices.framework; path = System/Library/Frameworks/MobileCoreServices.framework; sourceTree = SDKROOT; };
		BE099C19179ECD07002ED292 /* SystemConfiguration.framework */ = {isa = PBXFileReference; lastKnownFileType = wrapper.framework; name = SystemConfiguration.framework; path = System/Library/Frameworks/SystemConfiguration.framework; sourceTree = SDKROOT; };
		BE099C1C179ED17E002ED292 /* iVersion.bundle */ = {isa = PBXFileReference; lastKnownFileType = "wrapper.plug-in"; path = iVersion.bundle; sourceTree = "<group>"; };
		BE099C1D179ED17E002ED292 /* iVersion.h */ = {isa = PBXFileReference; fileEncoding = 4; lastKnownFileType = sourcecode.c.h; path = iVersion.h; sourceTree = "<group>"; };
		BE099C1E179ED17E002ED292 /* iVersion.m */ = {isa = PBXFileReference; fileEncoding = 4; lastKnownFileType = sourcecode.c.objc; path = iVersion.m; sourceTree = "<group>"; };
		BE0F6AF91771F5E500A01190 /* libsqlite3.dylib */ = {isa = PBXFileReference; lastKnownFileType = "compiled.mach-o.dylib"; name = libsqlite3.dylib; path = usr/lib/libsqlite3.dylib; sourceTree = SDKROOT; };
		BE0F6AFB1771F5F200A01190 /* libz.dylib */ = {isa = PBXFileReference; lastKnownFileType = "compiled.mach-o.dylib"; name = libz.dylib; path = usr/lib/libz.dylib; sourceTree = SDKROOT; };
		BE0F91661771F72400A01190 /* CorePlot-CocoaTouch.h */ = {isa = PBXFileReference; fileEncoding = 4; lastKnownFileType = sourcecode.c.h; path = "CorePlot-CocoaTouch.h"; sourceTree = "<group>"; };
		BE0F91671771F72400A01190 /* CPTAnimation.h */ = {isa = PBXFileReference; fileEncoding = 4; lastKnownFileType = sourcecode.c.h; path = CPTAnimation.h; sourceTree = "<group>"; };
		BE0F91681771F72400A01190 /* CPTAnimationOperation.h */ = {isa = PBXFileReference; fileEncoding = 4; lastKnownFileType = sourcecode.c.h; path = CPTAnimationOperation.h; sourceTree = "<group>"; };
		BE0F91691771F72400A01190 /* CPTAnimationPeriod.h */ = {isa = PBXFileReference; fileEncoding = 4; lastKnownFileType = sourcecode.c.h; path = CPTAnimationPeriod.h; sourceTree = "<group>"; };
		BE0F916A1771F72400A01190 /* CPTAnnotation.h */ = {isa = PBXFileReference; fileEncoding = 4; lastKnownFileType = sourcecode.c.h; path = CPTAnnotation.h; sourceTree = "<group>"; };
		BE0F916B1771F72400A01190 /* CPTAnnotationHostLayer.h */ = {isa = PBXFileReference; fileEncoding = 4; lastKnownFileType = sourcecode.c.h; path = CPTAnnotationHostLayer.h; sourceTree = "<group>"; };
		BE0F916C1771F72400A01190 /* CPTAxis.h */ = {isa = PBXFileReference; fileEncoding = 4; lastKnownFileType = sourcecode.c.h; path = CPTAxis.h; sourceTree = "<group>"; };
		BE0F916D1771F72400A01190 /* CPTAxisLabel.h */ = {isa = PBXFileReference; fileEncoding = 4; lastKnownFileType = sourcecode.c.h; path = CPTAxisLabel.h; sourceTree = "<group>"; };
		BE0F916E1771F72400A01190 /* CPTAxisLabelGroup.h */ = {isa = PBXFileReference; fileEncoding = 4; lastKnownFileType = sourcecode.c.h; path = CPTAxisLabelGroup.h; sourceTree = "<group>"; };
		BE0F916F1771F72400A01190 /* CPTAxisSet.h */ = {isa = PBXFileReference; fileEncoding = 4; lastKnownFileType = sourcecode.c.h; path = CPTAxisSet.h; sourceTree = "<group>"; };
		BE0F91701771F72400A01190 /* CPTAxisTitle.h */ = {isa = PBXFileReference; fileEncoding = 4; lastKnownFileType = sourcecode.c.h; path = CPTAxisTitle.h; sourceTree = "<group>"; };
		BE0F91711771F72400A01190 /* CPTBarPlot.h */ = {isa = PBXFileReference; fileEncoding = 4; lastKnownFileType = sourcecode.c.h; path = CPTBarPlot.h; sourceTree = "<group>"; };
		BE0F91721771F72400A01190 /* CPTBorderedLayer.h */ = {isa = PBXFileReference; fileEncoding = 4; lastKnownFileType = sourcecode.c.h; path = CPTBorderedLayer.h; sourceTree = "<group>"; };
		BE0F91731771F72400A01190 /* CPTCalendarFormatter.h */ = {isa = PBXFileReference; fileEncoding = 4; lastKnownFileType = sourcecode.c.h; path = CPTCalendarFormatter.h; sourceTree = "<group>"; };
		BE0F91741771F72400A01190 /* CPTColor.h */ = {isa = PBXFileReference; fileEncoding = 4; lastKnownFileType = sourcecode.c.h; path = CPTColor.h; sourceTree = "<group>"; };
		BE0F91751771F72400A01190 /* CPTColorSpace.h */ = {isa = PBXFileReference; fileEncoding = 4; lastKnownFileType = sourcecode.c.h; path = CPTColorSpace.h; sourceTree = "<group>"; };
		BE0F91761771F72400A01190 /* CPTConstraints.h */ = {isa = PBXFileReference; fileEncoding = 4; lastKnownFileType = sourcecode.c.h; path = CPTConstraints.h; sourceTree = "<group>"; };
		BE0F91771771F72400A01190 /* CPTDataSourceTestCase.h */ = {isa = PBXFileReference; fileEncoding = 4; lastKnownFileType = sourcecode.c.h; path = CPTDataSourceTestCase.h; sourceTree = "<group>"; };
		BE0F91781771F72400A01190 /* CPTDefinitions.h */ = {isa = PBXFileReference; fileEncoding = 4; lastKnownFileType = sourcecode.c.h; path = CPTDefinitions.h; sourceTree = "<group>"; };
		BE0F91791771F72400A01190 /* CPTDerivedXYGraph.h */ = {isa = PBXFileReference; fileEncoding = 4; lastKnownFileType = sourcecode.c.h; path = CPTDerivedXYGraph.h; sourceTree = "<group>"; };
		BE0F917A1771F72400A01190 /* CPTExceptions.h */ = {isa = PBXFileReference; fileEncoding = 4; lastKnownFileType = sourcecode.c.h; path = CPTExceptions.h; sourceTree = "<group>"; };
		BE0F917B1771F72400A01190 /* CPTFill.h */ = {isa = PBXFileReference; fileEncoding = 4; lastKnownFileType = sourcecode.c.h; path = CPTFill.h; sourceTree = "<group>"; };
		BE0F917C1771F72400A01190 /* CPTGradient.h */ = {isa = PBXFileReference; fileEncoding = 4; lastKnownFileType = sourcecode.c.h; path = CPTGradient.h; sourceTree = "<group>"; };
		BE0F917D1771F72400A01190 /* CPTGraph.h */ = {isa = PBXFileReference; fileEncoding = 4; lastKnownFileType = sourcecode.c.h; path = CPTGraph.h; sourceTree = "<group>"; };
		BE0F917E1771F72400A01190 /* CPTGraphHostingView.h */ = {isa = PBXFileReference; fileEncoding = 4; lastKnownFileType = sourcecode.c.h; path = CPTGraphHostingView.h; sourceTree = "<group>"; };
		BE0F917F1771F72400A01190 /* CPTGridLineGroup.h */ = {isa = PBXFileReference; fileEncoding = 4; lastKnownFileType = sourcecode.c.h; path = CPTGridLineGroup.h; sourceTree = "<group>"; };
		BE0F91801771F72400A01190 /* CPTGridLines.h */ = {isa = PBXFileReference; fileEncoding = 4; lastKnownFileType = sourcecode.c.h; path = CPTGridLines.h; sourceTree = "<group>"; };
		BE0F91811771F72400A01190 /* CPTImage.h */ = {isa = PBXFileReference; fileEncoding = 4; lastKnownFileType = sourcecode.c.h; path = CPTImage.h; sourceTree = "<group>"; };
		BE0F91821771F72400A01190 /* CPTLayer.h */ = {isa = PBXFileReference; fileEncoding = 4; lastKnownFileType = sourcecode.c.h; path = CPTLayer.h; sourceTree = "<group>"; };
		BE0F91831771F72400A01190 /* CPTLayerAnnotation.h */ = {isa = PBXFileReference; fileEncoding = 4; lastKnownFileType = sourcecode.c.h; path = CPTLayerAnnotation.h; sourceTree = "<group>"; };
		BE0F91841771F72400A01190 /* CPTLegend.h */ = {isa = PBXFileReference; fileEncoding = 4; lastKnownFileType = sourcecode.c.h; path = CPTLegend.h; sourceTree = "<group>"; };
		BE0F91851771F72400A01190 /* CPTLegendEntry.h */ = {isa = PBXFileReference; fileEncoding = 4; lastKnownFileType = sourcecode.c.h; path = CPTLegendEntry.h; sourceTree = "<group>"; };
		BE0F91861771F72400A01190 /* CPTLimitBand.h */ = {isa = PBXFileReference; fileEncoding = 4; lastKnownFileType = sourcecode.c.h; path = CPTLimitBand.h; sourceTree = "<group>"; };
		BE0F91871771F72400A01190 /* CPTLineCap.h */ = {isa = PBXFileReference; fileEncoding = 4; lastKnownFileType = sourcecode.c.h; path = CPTLineCap.h; sourceTree = "<group>"; };
		BE0F91881771F72400A01190 /* CPTLineStyle.h */ = {isa = PBXFileReference; fileEncoding = 4; lastKnownFileType = sourcecode.c.h; path = CPTLineStyle.h; sourceTree = "<group>"; };
		BE0F91891771F72400A01190 /* CPTMutableLineStyle.h */ = {isa = PBXFileReference; fileEncoding = 4; lastKnownFileType = sourcecode.c.h; path = CPTMutableLineStyle.h; sourceTree = "<group>"; };
		BE0F918A1771F72400A01190 /* CPTMutableNumericData+TypeConversion.h */ = {isa = PBXFileReference; fileEncoding = 4; lastKnownFileType = sourcecode.c.h; path = "CPTMutableNumericData+TypeConversion.h"; sourceTree = "<group>"; };
		BE0F918B1771F72400A01190 /* CPTMutableNumericData.h */ = {isa = PBXFileReference; fileEncoding = 4; lastKnownFileType = sourcecode.c.h; path = CPTMutableNumericData.h; sourceTree = "<group>"; };
		BE0F918C1771F72400A01190 /* CPTMutablePlotRange.h */ = {isa = PBXFileReference; fileEncoding = 4; lastKnownFileType = sourcecode.c.h; path = CPTMutablePlotRange.h; sourceTree = "<group>"; };
		BE0F918D1771F72400A01190 /* CPTMutableShadow.h */ = {isa = PBXFileReference; fileEncoding = 4; lastKnownFileType = sourcecode.c.h; path = CPTMutableShadow.h; sourceTree = "<group>"; };
		BE0F918E1771F72400A01190 /* CPTMutableTextStyle.h */ = {isa = PBXFileReference; fileEncoding = 4; lastKnownFileType = sourcecode.c.h; path = CPTMutableTextStyle.h; sourceTree = "<group>"; };
		BE0F918F1771F72400A01190 /* CPTNumericData+TypeConversion.h */ = {isa = PBXFileReference; fileEncoding = 4; lastKnownFileType = sourcecode.c.h; path = "CPTNumericData+TypeConversion.h"; sourceTree = "<group>"; };
		BE0F91901771F72400A01190 /* CPTNumericData.h */ = {isa = PBXFileReference; fileEncoding = 4; lastKnownFileType = sourcecode.c.h; path = CPTNumericData.h; sourceTree = "<group>"; };
		BE0F91911771F72400A01190 /* CPTNumericDataType.h */ = {isa = PBXFileReference; fileEncoding = 4; lastKnownFileType = sourcecode.c.h; path = CPTNumericDataType.h; sourceTree = "<group>"; };
		BE0F91921771F72400A01190 /* CPTPathExtensions.h */ = {isa = PBXFileReference; fileEncoding = 4; lastKnownFileType = sourcecode.c.h; path = CPTPathExtensions.h; sourceTree = "<group>"; };
		BE0F91931771F72400A01190 /* CPTPieChart.h */ = {isa = PBXFileReference; fileEncoding = 4; lastKnownFileType = sourcecode.c.h; path = CPTPieChart.h; sourceTree = "<group>"; };
		BE0F91941771F72400A01190 /* CPTPlatformSpecificCategories.h */ = {isa = PBXFileReference; fileEncoding = 4; lastKnownFileType = sourcecode.c.h; path = CPTPlatformSpecificCategories.h; sourceTree = "<group>"; };
		BE0F91951771F72400A01190 /* CPTPlatformSpecificDefines.h */ = {isa = PBXFileReference; fileEncoding = 4; lastKnownFileType = sourcecode.c.h; path = CPTPlatformSpecificDefines.h; sourceTree = "<group>"; };
		BE0F91961771F72400A01190 /* CPTPlatformSpecificFunctions.h */ = {isa = PBXFileReference; fileEncoding = 4; lastKnownFileType = sourcecode.c.h; path = CPTPlatformSpecificFunctions.h; sourceTree = "<group>"; };
		BE0F91971771F72400A01190 /* CPTPlot.h */ = {isa = PBXFileReference; fileEncoding = 4; lastKnownFileType = sourcecode.c.h; path = CPTPlot.h; sourceTree = "<group>"; };
		BE0F91981771F72400A01190 /* CPTPlotArea.h */ = {isa = PBXFileReference; fileEncoding = 4; lastKnownFileType = sourcecode.c.h; path = CPTPlotArea.h; sourceTree = "<group>"; };
		BE0F91991771F72400A01190 /* CPTPlotAreaFrame.h */ = {isa = PBXFileReference; fileEncoding = 4; lastKnownFileType = sourcecode.c.h; path = CPTPlotAreaFrame.h; sourceTree = "<group>"; };
		BE0F919A1771F72400A01190 /* CPTPlotGroup.h */ = {isa = PBXFileReference; fileEncoding = 4; lastKnownFileType = sourcecode.c.h; path = CPTPlotGroup.h; sourceTree = "<group>"; };
		BE0F919B1771F72400A01190 /* CPTPlotRange.h */ = {isa = PBXFileReference; fileEncoding = 4; lastKnownFileType = sourcecode.c.h; path = CPTPlotRange.h; sourceTree = "<group>"; };
		BE0F919C1771F72400A01190 /* CPTPlotSpace.h */ = {isa = PBXFileReference; fileEncoding = 4; lastKnownFileType = sourcecode.c.h; path = CPTPlotSpace.h; sourceTree = "<group>"; };
		BE0F919D1771F72400A01190 /* CPTPlotSpaceAnnotation.h */ = {isa = PBXFileReference; fileEncoding = 4; lastKnownFileType = sourcecode.c.h; path = CPTPlotSpaceAnnotation.h; sourceTree = "<group>"; };
		BE0F919E1771F72400A01190 /* CPTPlotSymbol.h */ = {isa = PBXFileReference; fileEncoding = 4; lastKnownFileType = sourcecode.c.h; path = CPTPlotSymbol.h; sourceTree = "<group>"; };
		BE0F919F1771F72400A01190 /* CPTRangePlot.h */ = {isa = PBXFileReference; fileEncoding = 4; lastKnownFileType = sourcecode.c.h; path = CPTRangePlot.h; sourceTree = "<group>"; };
		BE0F91A01771F72400A01190 /* CPTResponder.h */ = {isa = PBXFileReference; fileEncoding = 4; lastKnownFileType = sourcecode.c.h; path = CPTResponder.h; sourceTree = "<group>"; };
		BE0F91A11771F72400A01190 /* CPTScatterPlot.h */ = {isa = PBXFileReference; fileEncoding = 4; lastKnownFileType = sourcecode.c.h; path = CPTScatterPlot.h; sourceTree = "<group>"; };
		BE0F91A21771F72400A01190 /* CPTShadow.h */ = {isa = PBXFileReference; fileEncoding = 4; lastKnownFileType = sourcecode.c.h; path = CPTShadow.h; sourceTree = "<group>"; };
		BE0F91A31771F72400A01190 /* CPTTestCase.h */ = {isa = PBXFileReference; fileEncoding = 4; lastKnownFileType = sourcecode.c.h; path = CPTTestCase.h; sourceTree = "<group>"; };
		BE0F91A41771F72400A01190 /* CPTTextLayer.h */ = {isa = PBXFileReference; fileEncoding = 4; lastKnownFileType = sourcecode.c.h; path = CPTTextLayer.h; sourceTree = "<group>"; };
		BE0F91A51771F72400A01190 /* CPTTextStyle.h */ = {isa = PBXFileReference; fileEncoding = 4; lastKnownFileType = sourcecode.c.h; path = CPTTextStyle.h; sourceTree = "<group>"; };
		BE0F91A61771F72400A01190 /* CPTTextStylePlatformSpecific.h */ = {isa = PBXFileReference; fileEncoding = 4; lastKnownFileType = sourcecode.c.h; path = CPTTextStylePlatformSpecific.h; sourceTree = "<group>"; };
		BE0F91A71771F72400A01190 /* CPTTheme.h */ = {isa = PBXFileReference; fileEncoding = 4; lastKnownFileType = sourcecode.c.h; path = CPTTheme.h; sourceTree = "<group>"; };
		BE0F91A81771F72400A01190 /* CPTTimeFormatter.h */ = {isa = PBXFileReference; fileEncoding = 4; lastKnownFileType = sourcecode.c.h; path = CPTTimeFormatter.h; sourceTree = "<group>"; };
		BE0F91A91771F72400A01190 /* CPTTradingRangePlot.h */ = {isa = PBXFileReference; fileEncoding = 4; lastKnownFileType = sourcecode.c.h; path = CPTTradingRangePlot.h; sourceTree = "<group>"; };
		BE0F91AA1771F72400A01190 /* CPTUtilities.h */ = {isa = PBXFileReference; fileEncoding = 4; lastKnownFileType = sourcecode.c.h; path = CPTUtilities.h; sourceTree = "<group>"; };
		BE0F91AB1771F72400A01190 /* CPTXYAxis.h */ = {isa = PBXFileReference; fileEncoding = 4; lastKnownFileType = sourcecode.c.h; path = CPTXYAxis.h; sourceTree = "<group>"; };
		BE0F91AC1771F72400A01190 /* CPTXYAxisSet.h */ = {isa = PBXFileReference; fileEncoding = 4; lastKnownFileType = sourcecode.c.h; path = CPTXYAxisSet.h; sourceTree = "<group>"; };
		BE0F91AD1771F72400A01190 /* CPTXYGraph.h */ = {isa = PBXFileReference; fileEncoding = 4; lastKnownFileType = sourcecode.c.h; path = CPTXYGraph.h; sourceTree = "<group>"; };
		BE0F91AE1771F72400A01190 /* CPTXYPlotSpace.h */ = {isa = PBXFileReference; fileEncoding = 4; lastKnownFileType = sourcecode.c.h; path = CPTXYPlotSpace.h; sourceTree = "<group>"; };
		BE0F91AF1771F72400A01190 /* mainpage.h */ = {isa = PBXFileReference; fileEncoding = 4; lastKnownFileType = sourcecode.c.h; path = mainpage.h; sourceTree = "<group>"; };
		BE0F91B01771F72400A01190 /* NSCoderExtensions.h */ = {isa = PBXFileReference; fileEncoding = 4; lastKnownFileType = sourcecode.c.h; path = NSCoderExtensions.h; sourceTree = "<group>"; };
		BE0F91B11771F72400A01190 /* NSDecimalNumberExtensions.h */ = {isa = PBXFileReference; fileEncoding = 4; lastKnownFileType = sourcecode.c.h; path = NSDecimalNumberExtensions.h; sourceTree = "<group>"; };
		BE0F91B21771F72400A01190 /* NSNumberExtensions.h */ = {isa = PBXFileReference; fileEncoding = 4; lastKnownFileType = sourcecode.c.h; path = NSNumberExtensions.h; sourceTree = "<group>"; };
		BE0F91B31771F72400A01190 /* libCorePlot-CocoaTouch.a */ = {isa = PBXFileReference; lastKnownFileType = archive.ar; name = "libCorePlot-CocoaTouch.a"; path = "Supporting/CorePlot_1.2/Binaries/iOS/libCorePlot-CocoaTouch.a"; sourceTree = "<group>"; };
		BE0F91BD17721BEF00A01190 /* CoreData.framework */ = {isa = PBXFileReference; lastKnownFileType = wrapper.framework; name = CoreData.framework; path = System/Library/Frameworks/CoreData.framework; sourceTree = SDKROOT; };
		BE37290C17A02FB200FB84E7 /* KeychainItemWrapper.h */ = {isa = PBXFileReference; fileEncoding = 4; lastKnownFileType = sourcecode.c.h; path = KeychainItemWrapper.h; sourceTree = "<group>"; };
		BE37290D17A02FB200FB84E7 /* KeychainItemWrapper.m */ = {isa = PBXFileReference; fileEncoding = 4; lastKnownFileType = sourcecode.c.objc; path = KeychainItemWrapper.m; sourceTree = "<group>"; };
		BE3B96A7178DFA300000CDB3 /* MainStoryboard.storyboard */ = {isa = PBXFileReference; fileEncoding = 4; lastKnownFileType = file.storyboard; path = MainStoryboard.storyboard; sourceTree = "<group>"; };
		BE9EAB1E17947DC60079C57A /* Pandemobium-Prefix.pch */ = {isa = PBXFileReference; fileEncoding = 4; lastKnownFileType = sourcecode.c.h; path = "Pandemobium-Prefix.pch"; sourceTree = "<group>"; };
		BE9EAB1F1794810A0079C57A /* Stock.h */ = {isa = PBXFileReference; fileEncoding = 4; lastKnownFileType = sourcecode.c.h; name = Stock.h; path = PandemobiumV2/DB/Stock.h; sourceTree = "<group>"; };
		BE9EAB201794810A0079C57A /* Stock.m */ = {isa = PBXFileReference; fileEncoding = 4; lastKnownFileType = sourcecode.c.objc; name = Stock.m; path = PandemobiumV2/DB/Stock.m; sourceTree = "<group>"; };
		BE9EAB23179481C10079C57A /* ClientStocks.xcdatamodel */ = {isa = PBXFileReference; lastKnownFileType = wrapper.xcdatamodel; path = ClientStocks.xcdatamodel; sourceTree = "<group>"; };
		BE9EAB2617948F710079C57A /* AFHTTPClient.h */ = {isa = PBXFileReference; fileEncoding = 4; lastKnownFileType = sourcecode.c.h; path = AFHTTPClient.h; sourceTree = "<group>"; };
		BE9EAB2717948F710079C57A /* AFHTTPClient.m */ = {isa = PBXFileReference; fileEncoding = 4; lastKnownFileType = sourcecode.c.objc; path = AFHTTPClient.m; sourceTree = "<group>"; };
		BE9EAB2817948F710079C57A /* AFHTTPRequestOperation.h */ = {isa = PBXFileReference; fileEncoding = 4; lastKnownFileType = sourcecode.c.h; path = AFHTTPRequestOperation.h; sourceTree = "<group>"; };
		BE9EAB2917948F710079C57A /* AFHTTPRequestOperation.m */ = {isa = PBXFileReference; fileEncoding = 4; lastKnownFileType = sourcecode.c.objc; path = AFHTTPRequestOperation.m; sourceTree = "<group>"; };
		BE9EAB2A17948F710079C57A /* AFImageRequestOperation.h */ = {isa = PBXFileReference; fileEncoding = 4; lastKnownFileType = sourcecode.c.h; path = AFImageRequestOperation.h; sourceTree = "<group>"; };
		BE9EAB2B17948F710079C57A /* AFImageRequestOperation.m */ = {isa = PBXFileReference; fileEncoding = 4; lastKnownFileType = sourcecode.c.objc; path = AFImageRequestOperation.m; sourceTree = "<group>"; };
		BE9EAB2C17948F710079C57A /* AFJSONRequestOperation.h */ = {isa = PBXFileReference; fileEncoding = 4; lastKnownFileType = sourcecode.c.h; path = AFJSONRequestOperation.h; sourceTree = "<group>"; };
		BE9EAB2D17948F710079C57A /* AFJSONRequestOperation.m */ = {isa = PBXFileReference; fileEncoding = 4; lastKnownFileType = sourcecode.c.objc; path = AFJSONRequestOperation.m; sourceTree = "<group>"; };
		BE9EAB2E17948F710079C57A /* AFNetworkActivityIndicatorManager.h */ = {isa = PBXFileReference; fileEncoding = 4; lastKnownFileType = sourcecode.c.h; path = AFNetworkActivityIndicatorManager.h; sourceTree = "<group>"; };
		BE9EAB2F17948F710079C57A /* AFNetworkActivityIndicatorManager.m */ = {isa = PBXFileReference; fileEncoding = 4; lastKnownFileType = sourcecode.c.objc; path = AFNetworkActivityIndicatorManager.m; sourceTree = "<group>"; };
		BE9EAB3017948F710079C57A /* AFNetworking.h */ = {isa = PBXFileReference; fileEncoding = 4; lastKnownFileType = sourcecode.c.h; path = AFNetworking.h; sourceTree = "<group>"; };
		BE9EAB3117948F710079C57A /* AFPropertyListRequestOperation.h */ = {isa = PBXFileReference; fileEncoding = 4; lastKnownFileType = sourcecode.c.h; path = AFPropertyListRequestOperation.h; sourceTree = "<group>"; };
		BE9EAB3217948F710079C57A /* AFPropertyListRequestOperation.m */ = {isa = PBXFileReference; fileEncoding = 4; lastKnownFileType = sourcecode.c.objc; path = AFPropertyListRequestOperation.m; sourceTree = "<group>"; };
		BE9EAB3317948F710079C57A /* AFURLConnectionOperation.h */ = {isa = PBXFileReference; fileEncoding = 4; lastKnownFileType = sourcecode.c.h; path = AFURLConnectionOperation.h; sourceTree = "<group>"; };
		BE9EAB3417948F710079C57A /* AFURLConnectionOperation.m */ = {isa = PBXFileReference; fileEncoding = 4; lastKnownFileType = sourcecode.c.objc; path = AFURLConnectionOperation.m; sourceTree = "<group>"; };
		BE9EAB3517948F710079C57A /* AFXMLRequestOperation.h */ = {isa = PBXFileReference; fileEncoding = 4; lastKnownFileType = sourcecode.c.h; path = AFXMLRequestOperation.h; sourceTree = "<group>"; };
		BE9EAB3617948F710079C57A /* AFXMLRequestOperation.m */ = {isa = PBXFileReference; fileEncoding = 4; lastKnownFileType = sourcecode.c.objc; path = AFXMLRequestOperation.m; sourceTree = "<group>"; };
		BE9EAB3717948F710079C57A /* UIImageView+AFNetworking.h */ = {isa = PBXFileReference; fileEncoding = 4; lastKnownFileType = sourcecode.c.h; path = "UIImageView+AFNetworking.h"; sourceTree = "<group>"; };
		BE9EAB3817948F710079C57A /* UIImageView+AFNetworking.m */ = {isa = PBXFileReference; fileEncoding = 4; lastKnownFileType = sourcecode.c.objc; path = "UIImageView+AFNetworking.m"; sourceTree = "<group>"; };
		BED22FC01795A785004EE171 /* DBHTTPClient.h */ = {isa = PBXFileReference; fileEncoding = 4; lastKnownFileType = sourcecode.c.h; path = DBHTTPClient.h; sourceTree = "<group>"; };
		BED22FC11795A785004EE171 /* DBHTTPClient.m */ = {isa = PBXFileReference; fileEncoding = 4; lastKnownFileType = sourcecode.c.objc; path = DBHTTPClient.m; sourceTree = "<group>"; };
		BEEF700B176F74DA00D63EB8 /* Pandemobium.app */ = {isa = PBXFileReference; explicitFileType = wrapper.application; includeInIndex = 0; path = Pandemobium.app; sourceTree = BUILT_PRODUCTS_DIR; };
		BEEF700E176F74DA00D63EB8 /* UIKit.framework */ = {isa = PBXFileReference; lastKnownFileType = wrapper.framework; name = UIKit.framework; path = System/Library/Frameworks/UIKit.framework; sourceTree = SDKROOT; };
		BEEF7010176F74DA00D63EB8 /* Foundation.framework */ = {isa = PBXFileReference; lastKnownFileType = wrapper.framework; name = Foundation.framework; path = System/Library/Frameworks/Foundation.framework; sourceTree = SDKROOT; };
		BEEF7012176F74DA00D63EB8 /* CoreGraphics.framework */ = {isa = PBXFileReference; lastKnownFileType = wrapper.framework; name = CoreGraphics.framework; path = System/Library/Frameworks/CoreGraphics.framework; sourceTree = SDKROOT; };
		BEEF7018176F74DA00D63EB8 /* en */ = {isa = PBXFileReference; lastKnownFileType = text.plist.strings; name = en; path = en.lproj/InfoPlist.strings; sourceTree = "<group>"; };
		BEEF701D176F74DA00D63EB8 /* AppDelegate.h */ = {isa = PBXFileReference; lastKnownFileType = sourcecode.c.h; path = AppDelegate.h; sourceTree = "<group>"; };
		BEEF701E176F74DA00D63EB8 /* AppDelegate.m */ = {isa = PBXFileReference; lastKnownFileType = sourcecode.c.objc; path = AppDelegate.m; sourceTree = "<group>"; };
		BEEF703C176F767600D63EB8 /* QuartzCore.framework */ = {isa = PBXFileReference; lastKnownFileType = wrapper.framework; name = QuartzCore.framework; path = System/Library/Frameworks/QuartzCore.framework; sourceTree = SDKROOT; };
		BEF0D07E17944C4000B5C6C3 /* DBHelper.h */ = {isa = PBXFileReference; fileEncoding = 4; lastKnownFileType = sourcecode.c.h; path = DBHelper.h; sourceTree = "<group>"; };
		BEF0D07F17944C4000B5C6C3 /* DBHelper.m */ = {isa = PBXFileReference; fileEncoding = 4; lastKnownFileType = sourcecode.c.objc; path = DBHelper.m; sourceTree = "<group>"; };
		BEF0D08017944C4000B5C6C3 /* User.h */ = {isa = PBXFileReference; fileEncoding = 4; lastKnownFileType = sourcecode.c.h; path = User.h; sourceTree = "<group>"; };
		BEF0D08117944C4000B5C6C3 /* User.m */ = {isa = PBXFileReference; fileEncoding = 4; lastKnownFileType = sourcecode.c.objc; path = User.m; sourceTree = "<group>"; };
		BEF0D08417944C8A00B5C6C3 /* CompanySymbols.sqlite */ = {isa = PBXFileReference; lastKnownFileType = file; name = CompanySymbols.sqlite; path = PandemobiumV2/DB/CompanySymbols.sqlite; sourceTree = "<group>"; };
		BEF0D08517944C8A00B5C6C3 /* CoreDataInterface.h */ = {isa = PBXFileReference; fileEncoding = 4; lastKnownFileType = sourcecode.c.h; name = CoreDataInterface.h; path = PandemobiumV2/DB/CoreDataInterface.h; sourceTree = "<group>"; };
		BEF0D08617944C8A00B5C6C3 /* CoreDataInterface.m */ = {isa = PBXFileReference; fileEncoding = 4; lastKnownFileType = sourcecode.c.objc; name = CoreDataInterface.m; path = PandemobiumV2/DB/CoreDataInterface.m; sourceTree = "<group>"; };
		BEF0D08717944C8A00B5C6C3 /* defaultStocks.plist */ = {isa = PBXFileReference; fileEncoding = 4; lastKnownFileType = text.plist.xml; name = defaultStocks.plist; path = PandemobiumV2/DB/defaultStocks.plist; sourceTree = "<group>"; };
		BEF0D08817944C8A00B5C6C3 /* fullStockList.plist */ = {isa = PBXFileReference; fileEncoding = 4; lastKnownFileType = text.plist.xml; name = fullStockList.plist; path = PandemobiumV2/DB/fullStockList.plist; sourceTree = "<group>"; };
		BEF0D09117944CAA00B5C6C3 /* ECSlidingViewController.h */ = {isa = PBXFileReference; fileEncoding = 4; lastKnownFileType = sourcecode.c.h; name = ECSlidingViewController.h; path = PandemobiumV2/ECSlidingViewController/ECSlidingViewController.h; sourceTree = "<group>"; };
		BEF0D09217944CAA00B5C6C3 /* ECSlidingViewController.m */ = {isa = PBXFileReference; fileEncoding = 4; lastKnownFileType = sourcecode.c.objc; name = ECSlidingViewController.m; path = PandemobiumV2/ECSlidingViewController/ECSlidingViewController.m; sourceTree = "<group>"; };
		BEF0D09317944CAA00B5C6C3 /* UIImage+ImageWithUIView.h */ = {isa = PBXFileReference; fileEncoding = 4; lastKnownFileType = sourcecode.c.h; name = "UIImage+ImageWithUIView.h"; path = "PandemobiumV2/ECSlidingViewController/UIImage+ImageWithUIView.h"; sourceTree = "<group>"; };
		BEF0D09417944CAA00B5C6C3 /* UIImage+ImageWithUIView.m */ = {isa = PBXFileReference; fileEncoding = 4; lastKnownFileType = sourcecode.c.objc; name = "UIImage+ImageWithUIView.m"; path = "PandemobiumV2/ECSlidingViewController/UIImage+ImageWithUIView.m"; sourceTree = "<group>"; };
		BEF0D0DD17944D6A00B5C6C3 /* QuotesViewController.h */ = {isa = PBXFileReference; lastKnownFileType = sourcecode.c.h; name = QuotesViewController.h; path = PandemobiumV2/Controllers/QuotesViewController.h; sourceTree = "<group>"; };
		BEF0D0DE17944D6A00B5C6C3 /* QuotesViewController.m */ = {isa = PBXFileReference; lastKnownFileType = sourcecode.c.objc; name = QuotesViewController.m; path = PandemobiumV2/Controllers/QuotesViewController.m; sourceTree = "<group>"; };
		BEF0D0DF17944D8B00B5C6C3 /* RightViewController.h */ = {isa = PBXFileReference; lastKnownFileType = sourcecode.c.h; name = RightViewController.h; path = PandemobiumV2/Controllers/RightViewController.h; sourceTree = "<group>"; };
		BEF0D0E017944D8B00B5C6C3 /* RightViewController.m */ = {isa = PBXFileReference; lastKnownFileType = sourcecode.c.objc; name = RightViewController.m; path = PandemobiumV2/Controllers/RightViewController.m; sourceTree = "<group>"; };
		BEF0D0E117944DC500B5C6C3 /* SettingsViewController.h */ = {isa = PBXFileReference; lastKnownFileType = sourcecode.c.h; name = SettingsViewController.h; path = PandemobiumV2/Controllers/SettingsViewController.h; sourceTree = "<group>"; };
		BEF0D0E217944DC500B5C6C3 /* SettingsViewController.m */ = {isa = PBXFileReference; lastKnownFileType = sourcecode.c.objc; name = SettingsViewController.m; path = PandemobiumV2/Controllers/SettingsViewController.m; sourceTree = "<group>"; };
		BEF0D0E317944DC500B5C6C3 /* SignInViewController.h */ = {isa = PBXFileReference; lastKnownFileType = sourcecode.c.h; name = SignInViewController.h; path = PandemobiumV2/Controllers/SignInViewController.h; sourceTree = "<group>"; };
		BEF0D0E417944DC500B5C6C3 /* SignInViewController.m */ = {isa = PBXFileReference; lastKnownFileType = sourcecode.c.objc; name = SignInViewController.m; path = PandemobiumV2/Controllers/SignInViewController.m; sourceTree = "<group>"; };
		BEF0D0E517944DE900B5C6C3 /* StockViewController.h */ = {isa = PBXFileReference; lastKnownFileType = sourcecode.c.h; name = StockViewController.h; path = PandemobiumV2/Controllers/StockViewController.h; sourceTree = "<group>"; };
		BEF0D0E617944DE900B5C6C3 /* StockViewController.m */ = {isa = PBXFileReference; lastKnownFileType = sourcecode.c.objc; name = StockViewController.m; path = PandemobiumV2/Controllers/StockViewController.m; sourceTree = "<group>"; };
		BEF0D0E717944E1500B5C6C3 /* TipsViewController.h */ = {isa = PBXFileReference; lastKnownFileType = sourcecode.c.h; name = TipsViewController.h; path = PandemobiumV2/Controllers/TipsViewController.h; sourceTree = "<group>"; };
		BEF0D0E817944E1500B5C6C3 /* TipsViewController.m */ = {isa = PBXFileReference; lastKnownFileType = sourcecode.c.objc; name = TipsViewController.m; path = PandemobiumV2/Controllers/TipsViewController.m; sourceTree = "<group>"; };
		BEF0D0E917944E1500B5C6C3 /* TradeViewController.h */ = {isa = PBXFileReference; lastKnownFileType = sourcecode.c.h; name = TradeViewController.h; path = PandemobiumV2/Controllers/TradeViewController.h; sourceTree = "<group>"; };
		BEF0D0EA17944E1500B5C6C3 /* TradeViewController.m */ = {isa = PBXFileReference; lastKnownFileType = sourcecode.c.objc; name = TradeViewController.m; path = PandemobiumV2/Controllers/TradeViewController.m; sourceTree = "<group>"; };
		BEF0D0EB179453E800B5C6C3 /* InitialViewController.h */ = {isa = PBXFileReference; lastKnownFileType = sourcecode.c.h; name = InitialViewController.h; path = PandemobiumV2/Controllers/InitialViewController.h; sourceTree = "<group>"; };
		BEF0D0EC179453E800B5C6C3 /* InitialViewController.m */ = {isa = PBXFileReference; lastKnownFileType = sourcecode.c.objc; name = InitialViewController.m; path = PandemobiumV2/Controllers/InitialViewController.m; sourceTree = "<group>"; };
		BEF0D0ED179453FD00B5C6C3 /* MenuViewController.h */ = {isa = PBXFileReference; lastKnownFileType = sourcecode.c.h; name = MenuViewController.h; path = PandemobiumV2/Controllers/MenuViewController.h; sourceTree = "<group>"; };
		BEF0D0EE179453FD00B5C6C3 /* MenuViewController.m */ = {isa = PBXFileReference; lastKnownFileType = sourcecode.c.objc; name = MenuViewController.m; path = PandemobiumV2/Controllers/MenuViewController.m; sourceTree = "<group>"; };
		BEF0D0EF1794542000B5C6C3 /* HistoryViewController.h */ = {isa = PBXFileReference; lastKnownFileType = sourcecode.c.h; name = HistoryViewController.h; path = PandemobiumV2/Controllers/HistoryViewController.h; sourceTree = "<group>"; };
		BEF0D0F01794542000B5C6C3 /* HistoryViewController.m */ = {isa = PBXFileReference; lastKnownFileType = sourcecode.c.objc; name = HistoryViewController.m; path = PandemobiumV2/Controllers/HistoryViewController.m; sourceTree = "<group>"; };
		BEF0D0F11794543100B5C6C3 /* PortfolioViewController.h */ = {isa = PBXFileReference; lastKnownFileType = sourcecode.c.h; name = PortfolioViewController.h; path = PandemobiumV2/Controllers/PortfolioViewController.h; sourceTree = "<group>"; };
		BEF0D0F21794543100B5C6C3 /* PortfolioViewController.m */ = {isa = PBXFileReference; lastKnownFileType = sourcecode.c.objc; name = PortfolioViewController.m; path = PandemobiumV2/Controllers/PortfolioViewController.m; sourceTree = "<group>"; };
		BEF0D0F31794544600B5C6C3 /* NewsViewController.h */ = {isa = PBXFileReference; lastKnownFileType = sourcecode.c.h; name = NewsViewController.h; path = PandemobiumV2/Controllers/NewsViewController.h; sourceTree = "<group>"; };
		BEF0D0F41794544600B5C6C3 /* NewsViewController.m */ = {isa = PBXFileReference; lastKnownFileType = sourcecode.c.objc; name = NewsViewController.m; path = PandemobiumV2/Controllers/NewsViewController.m; sourceTree = "<group>"; };
		BEF0D0F51794547500B5C6C3 /* accounts.plist */ = {isa = PBXFileReference; lastKnownFileType = text.plist.xml; name = accounts.plist; path = Supporting_Files/accounts.plist; sourceTree = "<group>"; };
		BEF0D0F61794547500B5C6C3 /* burg.jpg */ = {isa = PBXFileReference; lastKnownFileType = image.jpeg; name = burg.jpg; path = Supporting_Files/burg.jpg; sourceTree = "<group>"; };
		BEF0D0F71794547500B5C6C3 /* car.jpg */ = {isa = PBXFileReference; lastKnownFileType = image.jpeg; name = car.jpg; path = Supporting_Files/car.jpg; sourceTree = "<group>"; };
		BEF0D0F81794547500B5C6C3 /* Default-568h@2x.png */ = {isa = PBXFileReference; lastKnownFileType = image.png; name = "Default-568h@2x.png"; path = "Supporting_Files/Default-568h@2x.png"; sourceTree = "<group>"; };
		BEF0D0F91794547500B5C6C3 /* Default.png */ = {isa = PBXFileReference; lastKnownFileType = image.png; name = Default.png; path = Supporting_Files/Default.png; sourceTree = "<group>"; };
		BEF0D0FA1794547500B5C6C3 /* Default@2x.png */ = {isa = PBXFileReference; lastKnownFileType = image.png; name = "Default@2x.png"; path = "Supporting_Files/Default@2x.png"; sourceTree = "<group>"; };
		BEF0D0FB1794547500B5C6C3 /* images.jpg */ = {isa = PBXFileReference; lastKnownFileType = image.jpeg; name = images.jpg; path = Supporting_Files/images.jpg; sourceTree = "<group>"; };
		BEF0D0FC1794547500B5C6C3 /* main.m */ = {isa = PBXFileReference; lastKnownFileType = sourcecode.c.objc; name = main.m; path = Supporting_Files/main.m; sourceTree = "<group>"; };
		BEF0D0FD1794547500B5C6C3 /* Pandemobium-Info.plist */ = {isa = PBXFileReference; lastKnownFileType = text.plist.xml; name = "Pandemobium-Info.plist"; path = "Supporting_Files/Pandemobium-Info.plist"; sourceTree = "<group>"; };
		BEF0D1011794583900B5C6C3 /* SVProgressHUD.bundle */ = {isa = PBXFileReference; lastKnownFileType = "wrapper.plug-in"; path = SVProgressHUD.bundle; sourceTree = "<group>"; };
		BEF0D1021794583900B5C6C3 /* SVProgressHUD.h */ = {isa = PBXFileReference; fileEncoding = 4; lastKnownFileType = sourcecode.c.h; path = SVProgressHUD.h; sourceTree = "<group>"; };
		BEF0D1031794583900B5C6C3 /* SVProgressHUD.m */ = {isa = PBXFileReference; fileEncoding = 4; lastKnownFileType = sourcecode.c.objc; path = SVProgressHUD.m; sourceTree = "<group>"; };
		BEFF291C179868FE000F1FF3 /* ManageTipsViewController.h */ = {isa = PBXFileReference; fileEncoding = 4; lastKnownFileType = sourcecode.c.h; name = ManageTipsViewController.h; path = PandemobiumV2/Controllers/ManageTipsViewController.h; sourceTree = "<group>"; };
		BEFF291D179868FE000F1FF3 /* ManageTipsViewController.m */ = {isa = PBXFileReference; fileEncoding = 4; lastKnownFileType = sourcecode.c.objc; name = ManageTipsViewController.m; path = PandemobiumV2/Controllers/ManageTipsViewController.m; sourceTree = "<group>"; };
/* End PBXFileReference section */

/* Begin PBXFrameworksBuildPhase section */
		BEEF7008176F74DA00D63EB8 /* Frameworks */ = {
			isa = PBXFrameworksBuildPhase;
			buildActionMask = 2147483647;
			files = (
				BE099C1A179ECD07002ED292 /* SystemConfiguration.framework in Frameworks */,
				BE099C18179ECCCC002ED292 /* MobileCoreServices.framework in Frameworks */,
				BE099C16179DB91F002ED292 /* StoreKit.framework in Frameworks */,
				BE099C00179D8E5A002ED292 /* CoreLocation.framework in Frameworks */,
				BE05E6C5179DE04A00A42EE2 /* Security.framework in Frameworks */,
				BE0F91BE17721BF000A01190 /* CoreData.framework in Frameworks */,
				BE0F6AFC1771F5F300A01190 /* libz.dylib in Frameworks */,
				BE0F6AFA1771F5E500A01190 /* libsqlite3.dylib in Frameworks */,
				BEEF703D176F767600D63EB8 /* QuartzCore.framework in Frameworks */,
				BEEF700F176F74DA00D63EB8 /* UIKit.framework in Frameworks */,
				BEEF7013176F74DA00D63EB8 /* CoreGraphics.framework in Frameworks */,
				BEEF7011176F74DA00D63EB8 /* Foundation.framework in Frameworks */,
				BE0F91B41771F72400A01190 /* libCorePlot-CocoaTouch.a in Frameworks */,
			);
			runOnlyForDeploymentPostprocessing = 0;
		};
/* End PBXFrameworksBuildPhase section */

/* Begin PBXGroup section */
		BE099C1B179ED17E002ED292 /* iVersion */ = {
			isa = PBXGroup;
			children = (
				BE099C1C179ED17E002ED292 /* iVersion.bundle */,
				BE099C1D179ED17E002ED292 /* iVersion.h */,
				BE099C1E179ED17E002ED292 /* iVersion.m */,
			);
			name = iVersion;
			path = PandemobiumV2/iVersion;
			sourceTree = "<group>";
		};
		BE0F6AF61771F5BE00A01190 /* DB */ = {
			isa = PBXGroup;
			children = (
				BE9EAB22179481C10079C57A /* ClientStocks.xcdatamodeld */,
				BE9EAB1F1794810A0079C57A /* Stock.h */,
				BE9EAB201794810A0079C57A /* Stock.m */,
				BEF0D08417944C8A00B5C6C3 /* CompanySymbols.sqlite */,
				BEF0D08517944C8A00B5C6C3 /* CoreDataInterface.h */,
				BEF0D08617944C8A00B5C6C3 /* CoreDataInterface.m */,
				BEF0D08717944C8A00B5C6C3 /* defaultStocks.plist */,
				BEF0D08817944C8A00B5C6C3 /* fullStockList.plist */,
			);
			name = DB;
			sourceTree = "<group>";
		};
		BE0F6AFD1771F69900A01190 /* CorePlot */ = {
			isa = PBXGroup;
			children = (
				BE0F91651771F72400A01190 /* CorePlotHeaders */,
				BE0F91B31771F72400A01190 /* libCorePlot-CocoaTouch.a */,
			);
			name = CorePlot;
			sourceTree = "<group>";
		};
		BE0F91651771F72400A01190 /* CorePlotHeaders */ = {
			isa = PBXGroup;
			children = (
				BE0F91661771F72400A01190 /* CorePlot-CocoaTouch.h */,
				BE0F91671771F72400A01190 /* CPTAnimation.h */,
				BE0F91681771F72400A01190 /* CPTAnimationOperation.h */,
				BE0F91691771F72400A01190 /* CPTAnimationPeriod.h */,
				BE0F916A1771F72400A01190 /* CPTAnnotation.h */,
				BE0F916B1771F72400A01190 /* CPTAnnotationHostLayer.h */,
				BE0F916C1771F72400A01190 /* CPTAxis.h */,
				BE0F916D1771F72400A01190 /* CPTAxisLabel.h */,
				BE0F916E1771F72400A01190 /* CPTAxisLabelGroup.h */,
				BE0F916F1771F72400A01190 /* CPTAxisSet.h */,
				BE0F91701771F72400A01190 /* CPTAxisTitle.h */,
				BE0F91711771F72400A01190 /* CPTBarPlot.h */,
				BE0F91721771F72400A01190 /* CPTBorderedLayer.h */,
				BE0F91731771F72400A01190 /* CPTCalendarFormatter.h */,
				BE0F91741771F72400A01190 /* CPTColor.h */,
				BE0F91751771F72400A01190 /* CPTColorSpace.h */,
				BE0F91761771F72400A01190 /* CPTConstraints.h */,
				BE0F91771771F72400A01190 /* CPTDataSourceTestCase.h */,
				BE0F91781771F72400A01190 /* CPTDefinitions.h */,
				BE0F91791771F72400A01190 /* CPTDerivedXYGraph.h */,
				BE0F917A1771F72400A01190 /* CPTExceptions.h */,
				BE0F917B1771F72400A01190 /* CPTFill.h */,
				BE0F917C1771F72400A01190 /* CPTGradient.h */,
				BE0F917D1771F72400A01190 /* CPTGraph.h */,
				BE0F917E1771F72400A01190 /* CPTGraphHostingView.h */,
				BE0F917F1771F72400A01190 /* CPTGridLineGroup.h */,
				BE0F91801771F72400A01190 /* CPTGridLines.h */,
				BE0F91811771F72400A01190 /* CPTImage.h */,
				BE0F91821771F72400A01190 /* CPTLayer.h */,
				BE0F91831771F72400A01190 /* CPTLayerAnnotation.h */,
				BE0F91841771F72400A01190 /* CPTLegend.h */,
				BE0F91851771F72400A01190 /* CPTLegendEntry.h */,
				BE0F91861771F72400A01190 /* CPTLimitBand.h */,
				BE0F91871771F72400A01190 /* CPTLineCap.h */,
				BE0F91881771F72400A01190 /* CPTLineStyle.h */,
				BE0F91891771F72400A01190 /* CPTMutableLineStyle.h */,
				BE0F918A1771F72400A01190 /* CPTMutableNumericData+TypeConversion.h */,
				BE0F918B1771F72400A01190 /* CPTMutableNumericData.h */,
				BE0F918C1771F72400A01190 /* CPTMutablePlotRange.h */,
				BE0F918D1771F72400A01190 /* CPTMutableShadow.h */,
				BE0F918E1771F72400A01190 /* CPTMutableTextStyle.h */,
				BE0F918F1771F72400A01190 /* CPTNumericData+TypeConversion.h */,
				BE0F91901771F72400A01190 /* CPTNumericData.h */,
				BE0F91911771F72400A01190 /* CPTNumericDataType.h */,
				BE0F91921771F72400A01190 /* CPTPathExtensions.h */,
				BE0F91931771F72400A01190 /* CPTPieChart.h */,
				BE0F91941771F72400A01190 /* CPTPlatformSpecificCategories.h */,
				BE0F91951771F72400A01190 /* CPTPlatformSpecificDefines.h */,
				BE0F91961771F72400A01190 /* CPTPlatformSpecificFunctions.h */,
				BE0F91971771F72400A01190 /* CPTPlot.h */,
				BE0F91981771F72400A01190 /* CPTPlotArea.h */,
				BE0F91991771F72400A01190 /* CPTPlotAreaFrame.h */,
				BE0F919A1771F72400A01190 /* CPTPlotGroup.h */,
				BE0F919B1771F72400A01190 /* CPTPlotRange.h */,
				BE0F919C1771F72400A01190 /* CPTPlotSpace.h */,
				BE0F919D1771F72400A01190 /* CPTPlotSpaceAnnotation.h */,
				BE0F919E1771F72400A01190 /* CPTPlotSymbol.h */,
				BE0F919F1771F72400A01190 /* CPTRangePlot.h */,
				BE0F91A01771F72400A01190 /* CPTResponder.h */,
				BE0F91A11771F72400A01190 /* CPTScatterPlot.h */,
				BE0F91A21771F72400A01190 /* CPTShadow.h */,
				BE0F91A31771F72400A01190 /* CPTTestCase.h */,
				BE0F91A41771F72400A01190 /* CPTTextLayer.h */,
				BE0F91A51771F72400A01190 /* CPTTextStyle.h */,
				BE0F91A61771F72400A01190 /* CPTTextStylePlatformSpecific.h */,
				BE0F91A71771F72400A01190 /* CPTTheme.h */,
				BE0F91A81771F72400A01190 /* CPTTimeFormatter.h */,
				BE0F91A91771F72400A01190 /* CPTTradingRangePlot.h */,
				BE0F91AA1771F72400A01190 /* CPTUtilities.h */,
				BE0F91AB1771F72400A01190 /* CPTXYAxis.h */,
				BE0F91AC1771F72400A01190 /* CPTXYAxisSet.h */,
				BE0F91AD1771F72400A01190 /* CPTXYGraph.h */,
				BE0F91AE1771F72400A01190 /* CPTXYPlotSpace.h */,
				BE0F91AF1771F72400A01190 /* mainpage.h */,
				BE0F91B01771F72400A01190 /* NSCoderExtensions.h */,
				BE0F91B11771F72400A01190 /* NSDecimalNumberExtensions.h */,
				BE0F91B21771F72400A01190 /* NSNumberExtensions.h */,
			);
			name = CorePlotHeaders;
			path = Supporting/CorePlot_1.2/Binaries/iOS/CorePlotHeaders;
			sourceTree = "<group>";
		};
		BE110017178727B50087EB3F /* Helper */ = {
			isa = PBXGroup;
			children = (
				BE37290C17A02FB200FB84E7 /* KeychainItemWrapper.h */,
				BE37290D17A02FB200FB84E7 /* KeychainItemWrapper.m */,
				BEF0D07E17944C4000B5C6C3 /* DBHelper.h */,
				BEF0D07F17944C4000B5C6C3 /* DBHelper.m */,
				BEF0D08017944C4000B5C6C3 /* User.h */,
				BEF0D08117944C4000B5C6C3 /* User.m */,
				BED22FC01795A785004EE171 /* DBHTTPClient.h */,
				BED22FC11795A785004EE171 /* DBHTTPClient.m */,
			);
			name = Helper;
			path = PandemobiumV2/Helper;
			sourceTree = "<group>";
		};
		BE9EAB2517948F700079C57A /* AFNetworking */ = {
			isa = PBXGroup;
			children = (
				BE9EAB2617948F710079C57A /* AFHTTPClient.h */,
				BE9EAB2717948F710079C57A /* AFHTTPClient.m */,
				BE9EAB2817948F710079C57A /* AFHTTPRequestOperation.h */,
				BE9EAB2917948F710079C57A /* AFHTTPRequestOperation.m */,
				BE9EAB2A17948F710079C57A /* AFImageRequestOperation.h */,
				BE9EAB2B17948F710079C57A /* AFImageRequestOperation.m */,
				BE9EAB2C17948F710079C57A /* AFJSONRequestOperation.h */,
				BE9EAB2D17948F710079C57A /* AFJSONRequestOperation.m */,
				BE9EAB2E17948F710079C57A /* AFNetworkActivityIndicatorManager.h */,
				BE9EAB2F17948F710079C57A /* AFNetworkActivityIndicatorManager.m */,
				BE9EAB3017948F710079C57A /* AFNetworking.h */,
				BE9EAB3117948F710079C57A /* AFPropertyListRequestOperation.h */,
				BE9EAB3217948F710079C57A /* AFPropertyListRequestOperation.m */,
				BE9EAB3317948F710079C57A /* AFURLConnectionOperation.h */,
				BE9EAB3417948F710079C57A /* AFURLConnectionOperation.m */,
				BE9EAB3517948F710079C57A /* AFXMLRequestOperation.h */,
				BE9EAB3617948F710079C57A /* AFXMLRequestOperation.m */,
				BE9EAB3717948F710079C57A /* UIImageView+AFNetworking.h */,
				BE9EAB3817948F710079C57A /* UIImageView+AFNetworking.m */,
			);
			name = AFNetworking;
			path = PandemobiumV2/AFNetworking;
			sourceTree = "<group>";
		};
		BEEF7002176F74DA00D63EB8 = {
			isa = PBXGroup;
			children = (
				BE099C1B179ED17E002ED292 /* iVersion */,
				BE9EAB2517948F700079C57A /* AFNetworking */,
				BEF0D1001794583900B5C6C3 /* SVProgressHUD */,
				BE110017178727B50087EB3F /* Helper */,
				BE0F6AFD1771F69900A01190 /* CorePlot */,
				BE0F6AF61771F5BE00A01190 /* DB */,
				BEEF7035176F754300D63EB8 /* ECSlidingViewController */,
				BEEF7034176F752000D63EB8 /* Controllers */,
				BEEF7014176F74DA00D63EB8 /* PandemobiumV2 */,
				BEEF700D176F74DA00D63EB8 /* Frameworks */,
				BEEF700C176F74DA00D63EB8 /* Products */,
			);
			sourceTree = "<group>";
		};
		BEEF700C176F74DA00D63EB8 /* Products */ = {
			isa = PBXGroup;
			children = (
				BEEF700B176F74DA00D63EB8 /* Pandemobium.app */,
			);
			name = Products;
			sourceTree = "<group>";
		};
		BEEF700D176F74DA00D63EB8 /* Frameworks */ = {
			isa = PBXGroup;
			children = (
				BE05E6C2179DCC0600A42EE2 /* libkeymgr.dylib */,
				BE05E6C0179DCA6800A42EE2 /* Security.framework */,
				BE099C19179ECD07002ED292 /* SystemConfiguration.framework */,
				BE099C17179ECCCC002ED292 /* MobileCoreServices.framework */,
				BE0F6AF91771F5E500A01190 /* libsqlite3.dylib */,
				BE0F6AFB1771F5F200A01190 /* libz.dylib */,
				BE0F91BD17721BEF00A01190 /* CoreData.framework */,
				BE099BFF179D8E5A002ED292 /* CoreLocation.framework */,
				BE099C15179DB91F002ED292 /* StoreKit.framework */,
				BEEF703C176F767600D63EB8 /* QuartzCore.framework */,
				BEEF700E176F74DA00D63EB8 /* UIKit.framework */,
				BEEF7010176F74DA00D63EB8 /* Foundation.framework */,
				BEEF7012176F74DA00D63EB8 /* CoreGraphics.framework */,
			);
			name = Frameworks;
			sourceTree = "<group>";
		};
		BEEF7014176F74DA00D63EB8 /* PandemobiumV2 */ = {
			isa = PBXGroup;
			children = (
				BE3B96A7178DFA300000CDB3 /* MainStoryboard.storyboard */,
				BEEF701D176F74DA00D63EB8 /* AppDelegate.h */,
				BEEF701E176F74DA00D63EB8 /* AppDelegate.m */,
				BEEF7015176F74DA00D63EB8 /* Supporting Files */,
			);
			path = PandemobiumV2;
			sourceTree = "<group>";
		};
		BEEF7015176F74DA00D63EB8 /* Supporting Files */ = {
			isa = PBXGroup;
			children = (
				BEF0D0F51794547500B5C6C3 /* accounts.plist */,
				BEF0D0F61794547500B5C6C3 /* burg.jpg */,
				BEF0D0F71794547500B5C6C3 /* car.jpg */,
				BEF0D0F81794547500B5C6C3 /* Default-568h@2x.png */,
				BEF0D0F91794547500B5C6C3 /* Default.png */,
				BEF0D0FA1794547500B5C6C3 /* Default@2x.png */,
				BEF0D0FB1794547500B5C6C3 /* images.jpg */,
				BEF0D0FC1794547500B5C6C3 /* main.m */,
				BEF0D0FD1794547500B5C6C3 /* Pandemobium-Info.plist */,
				BE9EAB1E17947DC60079C57A /* Pandemobium-Prefix.pch */,
				BEEF7017176F74DA00D63EB8 /* InfoPlist.strings */,
			);
			name = "Supporting Files";
			sourceTree = "<group>";
		};
		BEEF7034176F752000D63EB8 /* Controllers */ = {
			isa = PBXGroup;
			children = (
				BEF0D0EF1794542000B5C6C3 /* HistoryViewController.h */,
				BEF0D0F01794542000B5C6C3 /* HistoryViewController.m */,
				BEF0D0EB179453E800B5C6C3 /* InitialViewController.h */,
				BEF0D0EC179453E800B5C6C3 /* InitialViewController.m */,
				BEF0D0ED179453FD00B5C6C3 /* MenuViewController.h */,
				BEF0D0EE179453FD00B5C6C3 /* MenuViewController.m */,
				BEF0D0F31794544600B5C6C3 /* NewsViewController.h */,
				BEF0D0F41794544600B5C6C3 /* NewsViewController.m */,
				BEF0D0F11794543100B5C6C3 /* PortfolioViewController.h */,
				BEF0D0F21794543100B5C6C3 /* PortfolioViewController.m */,
				BEF0D0DD17944D6A00B5C6C3 /* QuotesViewController.h */,
				BEF0D0DE17944D6A00B5C6C3 /* QuotesViewController.m */,
				BEF0D0DF17944D8B00B5C6C3 /* RightViewController.h */,
				BEF0D0E017944D8B00B5C6C3 /* RightViewController.m */,
				BEF0D0E117944DC500B5C6C3 /* SettingsViewController.h */,
				BEF0D0E217944DC500B5C6C3 /* SettingsViewController.m */,
				BEF0D0E317944DC500B5C6C3 /* SignInViewController.h */,
				BEF0D0E417944DC500B5C6C3 /* SignInViewController.m */,
				BEF0D0E517944DE900B5C6C3 /* StockViewController.h */,
				BEF0D0E617944DE900B5C6C3 /* StockViewController.m */,
				BEF0D0E717944E1500B5C6C3 /* TipsViewController.h */,
				BEF0D0E817944E1500B5C6C3 /* TipsViewController.m */,
				BEF0D0E917944E1500B5C6C3 /* TradeViewController.h */,
				BEF0D0EA17944E1500B5C6C3 /* TradeViewController.m */,
				BEFF291C179868FE000F1FF3 /* ManageTipsViewController.h */,
				BEFF291D179868FE000F1FF3 /* ManageTipsViewController.m */,
			);
			name = Controllers;
			sourceTree = "<group>";
		};
		BEEF7035176F754300D63EB8 /* ECSlidingViewController */ = {
			isa = PBXGroup;
			children = (
				BEF0D09117944CAA00B5C6C3 /* ECSlidingViewController.h */,
				BEF0D09217944CAA00B5C6C3 /* ECSlidingViewController.m */,
				BEF0D09317944CAA00B5C6C3 /* UIImage+ImageWithUIView.h */,
				BEF0D09417944CAA00B5C6C3 /* UIImage+ImageWithUIView.m */,
			);
			name = ECSlidingViewController;
			sourceTree = "<group>";
		};
		BEF0D1001794583900B5C6C3 /* SVProgressHUD */ = {
			isa = PBXGroup;
			children = (
				BEF0D1011794583900B5C6C3 /* SVProgressHUD.bundle */,
				BEF0D1021794583900B5C6C3 /* SVProgressHUD.h */,
				BEF0D1031794583900B5C6C3 /* SVProgressHUD.m */,
			);
			name = SVProgressHUD;
			path = PandemobiumV2/SVProgressHUD;
			sourceTree = "<group>";
		};
/* End PBXGroup section */

/* Begin PBXNativeTarget section */
		BEEF700A176F74DA00D63EB8 /* Pandemobium */ = {
			isa = PBXNativeTarget;
			buildConfigurationList = BEEF7031176F74DA00D63EB8 /* Build configuration list for PBXNativeTarget "Pandemobium" */;
			buildPhases = (
				BEEF7007176F74DA00D63EB8 /* Sources */,
				BEEF7008176F74DA00D63EB8 /* Frameworks */,
				BEEF7009176F74DA00D63EB8 /* Resources */,
			);
			buildRules = (
			);
			dependencies = (
			);
			name = Pandemobium;
			productName = PandemobiumV2;
			productReference = BEEF700B176F74DA00D63EB8 /* Pandemobium.app */;
			productType = "com.apple.product-type.application";
		};
/* End PBXNativeTarget section */

/* Begin PBXProject section */
		BEEF7003176F74DA00D63EB8 /* Project object */ = {
			isa = PBXProject;
			attributes = {
				LastUpgradeCheck = 0460;
				ORGANIZATIONNAME = "Thomas Salazar";
			};
			buildConfigurationList = BEEF7006176F74DA00D63EB8 /* Build configuration list for PBXProject "Pandemobium" */;
			compatibilityVersion = "Xcode 3.2";
			developmentRegion = English;
			hasScannedForEncodings = 0;
			knownRegions = (
				en,
				English,
			);
			mainGroup = BEEF7002176F74DA00D63EB8;
			productRefGroup = BEEF700C176F74DA00D63EB8 /* Products */;
			projectDirPath = "";
			projectRoot = "";
			targets = (
				BEEF700A176F74DA00D63EB8 /* Pandemobium */,
			);
		};
/* End PBXProject section */

/* Begin PBXResourcesBuildPhase section */
		BEEF7009176F74DA00D63EB8 /* Resources */ = {
			isa = PBXResourcesBuildPhase;
			buildActionMask = 2147483647;
			files = (
				BE05E6BF179D93A500A42EE2 /* accounts.plist in Resources */,
				BEF0D10717945CCA00B5C6C3 /* main.m in Resources */,
				BEEF7019176F74DA00D63EB8 /* InfoPlist.strings in Resources */,
				BE3B96A8178DFA300000CDB3 /* MainStoryboard.storyboard in Resources */,
				BEF0D08B17944C8A00B5C6C3 /* CompanySymbols.sqlite in Resources */,
				BEF0D08D17944C8A00B5C6C3 /* defaultStocks.plist in Resources */,
				BEF0D08E17944C8A00B5C6C3 /* fullStockList.plist in Resources */,
				BEF0D1041794583900B5C6C3 /* SVProgressHUD.bundle in Resources */,
				BEF0D106179458B400B5C6C3 /* Default-568h@2x.png in Resources */,
				BE099C1F179ED17E002ED292 /* iVersion.bundle in Resources */,
			);
			runOnlyForDeploymentPostprocessing = 0;
		};
/* End PBXResourcesBuildPhase section */

/* Begin PBXSourcesBuildPhase section */
		BEEF7007176F74DA00D63EB8 /* Sources */ = {
			isa = PBXSourcesBuildPhase;
			buildActionMask = 2147483647;
			files = (
				BE9EAB0F179472480079C57A /* AppDelegate.m in Sources */,
				BE9EAB1A179474200079C57A /* ECSlidingViewController.m in Sources */,
				BE9EAB19179473E50079C57A /* User.m in Sources */,
				BE9EAB17179473D20079C57A /* CoreDataInterface.m in Sources */,
				BE9EAB16179473BB0079C57A /* SVProgressHUD.m in Sources */,
				BE9EAB15179473B60079C57A /* DBHelper.m in Sources */,
				BE9EAB14179472B70079C57A /* UIImage+ImageWithUIView.m in Sources */,
				BE9EAAF6179471DE0079C57A /* InitialViewController.m in Sources */,
				BE9EAAF9179471DE0079C57A /* StockViewController.m in Sources */,
				BE9EAAFA179471DE0079C57A /* QuotesViewController.m in Sources */,
				BE9EAAFC179471DE0079C57A /* MenuViewController.m in Sources */,
				BE9EAAFF179471DE0079C57A /* TipsViewController.m in Sources */,
				BE9EAB01179471DE0079C57A /* TradeViewController.m in Sources */,
				BE9EAB02179471DE0079C57A /* RightViewController.m in Sources */,
				BE9EAB04179471DE0079C57A /* SettingsViewController.m in Sources */,
				BE9EAB07179471DE0079C57A /* PortfolioViewController.m in Sources */,
				BE9EAB08179471DE0079C57A /* SignInViewController.m in Sources */,
				BE9EAB0A179471DE0079C57A /* HistoryViewController.m in Sources */,
				BE9EAB0C179471DE0079C57A /* NewsViewController.m in Sources */,
				BE9EAAF21794714B0079C57A /* main.m in Sources */,
				BE9EAB211794810A0079C57A /* Stock.m in Sources */,
				BE9EAB24179481C10079C57A /* ClientStocks.xcdatamodeld in Sources */,
				BE9EAB3917948F710079C57A /* AFHTTPClient.m in Sources */,
				BE9EAB3A17948F710079C57A /* AFHTTPRequestOperation.m in Sources */,
				BE9EAB3B17948F710079C57A /* AFImageRequestOperation.m in Sources */,
				BE9EAB3C17948F710079C57A /* AFJSONRequestOperation.m in Sources */,
				BE9EAB3D17948F710079C57A /* AFNetworkActivityIndicatorManager.m in Sources */,
				BE9EAB3E17948F710079C57A /* AFPropertyListRequestOperation.m in Sources */,
				BE9EAB3F17948F710079C57A /* AFURLConnectionOperation.m in Sources */,
				BE9EAB4017948F710079C57A /* AFXMLRequestOperation.m in Sources */,
				BE9EAB4117948F710079C57A /* UIImageView+AFNetworking.m in Sources */,
				BED22FC21795A785004EE171 /* DBHTTPClient.m in Sources */,
				BEFF291E179868FE000F1FF3 /* ManageTipsViewController.m in Sources */,
				BE099C20179ED17E002ED292 /* iVersion.m in Sources */,
				BE37290E17A02FB200FB84E7 /* KeychainItemWrapper.m in Sources */,
			);
			runOnlyForDeploymentPostprocessing = 0;
		};
/* End PBXSourcesBuildPhase section */

/* Begin PBXVariantGroup section */
		BEEF7017176F74DA00D63EB8 /* InfoPlist.strings */ = {
			isa = PBXVariantGroup;
			children = (
				BEEF7018176F74DA00D63EB8 /* en */,
			);
			name = InfoPlist.strings;
			sourceTree = "<group>";
		};
/* End PBXVariantGroup section */

/* Begin XCBuildConfiguration section */
		BEEF702F176F74DA00D63EB8 /* Debug */ = {
			isa = XCBuildConfiguration;
			buildSettings = {
				ALWAYS_SEARCH_USER_PATHS = NO;
				CLANG_CXX_LANGUAGE_STANDARD = "gnu++0x";
				CLANG_CXX_LIBRARY = "libc++";
				CLANG_ENABLE_OBJC_ARC = YES;
				CLANG_WARN_CONSTANT_CONVERSION = YES;
				CLANG_WARN_EMPTY_BODY = YES;
				CLANG_WARN_ENUM_CONVERSION = YES;
				CLANG_WARN_INT_CONVERSION = YES;
				CLANG_WARN__DUPLICATE_METHOD_MATCH = YES;
				"CODE_SIGN_IDENTITY[sdk=iphoneos*]" = "iPhone Developer";
				COPY_PHASE_STRIP = NO;
				GCC_C_LANGUAGE_STANDARD = gnu99;
				GCC_DYNAMIC_NO_PIC = NO;
				GCC_OPTIMIZATION_LEVEL = 0;
				GCC_PREPROCESSOR_DEFINITIONS = (
					"DEBUG=1",
					"$(inherited)",
				);
				GCC_SYMBOLS_PRIVATE_EXTERN = NO;
				GCC_WARN_ABOUT_RETURN_TYPE = YES;
				GCC_WARN_UNINITIALIZED_AUTOS = YES;
				GCC_WARN_UNUSED_VARIABLE = YES;
				IPHONEOS_DEPLOYMENT_TARGET = 6.1;
				ONLY_ACTIVE_ARCH = YES;
				SDKROOT = iphoneos;
			};
			name = Debug;
		};
		BEEF7030176F74DA00D63EB8 /* Release */ = {
			isa = XCBuildConfiguration;
			buildSettings = {
				ALWAYS_SEARCH_USER_PATHS = NO;
				CLANG_CXX_LANGUAGE_STANDARD = "gnu++0x";
				CLANG_CXX_LIBRARY = "libc++";
				CLANG_ENABLE_OBJC_ARC = YES;
				CLANG_WARN_CONSTANT_CONVERSION = YES;
				CLANG_WARN_EMPTY_BODY = YES;
				CLANG_WARN_ENUM_CONVERSION = YES;
				CLANG_WARN_INT_CONVERSION = YES;
				CLANG_WARN__DUPLICATE_METHOD_MATCH = YES;
				"CODE_SIGN_IDENTITY[sdk=iphoneos*]" = "iPhone Developer";
				COPY_PHASE_STRIP = YES;
				GCC_C_LANGUAGE_STANDARD = gnu99;
				GCC_WARN_ABOUT_RETURN_TYPE = YES;
				GCC_WARN_UNINITIALIZED_AUTOS = YES;
				GCC_WARN_UNUSED_VARIABLE = YES;
				IPHONEOS_DEPLOYMENT_TARGET = 6.1;
				OTHER_CFLAGS = "-DNS_BLOCK_ASSERTIONS=1";
				SDKROOT = iphoneos;
				VALIDATE_PRODUCT = YES;
			};
			name = Release;
		};
		BEEF7032176F74DA00D63EB8 /* Debug */ = {
			isa = XCBuildConfiguration;
			buildSettings = {
				GCC_PRECOMPILE_PREFIX_HEADER = YES;
				GCC_PREFIX_HEADER = "PandemobiumV2/Pandemobium-Prefix.pch";
				INFOPLIST_FILE = "PandemobiumV2/StockTrader-Info.plist";
				LIBRARY_SEARCH_PATHS = (
					"$(inherited)",
					"\"$(SRCROOT)/Supporting/CorePlot_1.2/Binaries/iOS\"",
					"\"$(SRCROOT)/Supporting/CorePlot_1.2/Source/build/Debug-iphonesimulator\"",
					"\"$(SDKROOT)/usr/lib/system\"",
				);
				OTHER_LDFLAGS = (
					"-ObjC",
					"-all_load",
				);
				PRODUCT_NAME = Pandemobium;
				WRAPPER_EXTENSION = app;
			};
			name = Debug;
		};
		BEEF7033176F74DA00D63EB8 /* Release */ = {
			isa = XCBuildConfiguration;
			buildSettings = {
				GCC_PRECOMPILE_PREFIX_HEADER = YES;
				GCC_PREFIX_HEADER = "PandemobiumV2/Pandemobium-Prefix.pch";
				INFOPLIST_FILE = "PandemobiumV2/StockTrader-Info.plist";
				LIBRARY_SEARCH_PATHS = (
					"$(inherited)",
					"\"$(SRCROOT)/Supporting/CorePlot_1.2/Binaries/iOS\"",
					"\"$(SRCROOT)/Supporting/CorePlot_1.2/Source/build/Debug-iphonesimulator\"",
					"\"$(SDKROOT)/usr/lib/system\"",
				);
				OTHER_LDFLAGS = (
					"-ObjC",
					"-all_load",
				);
				PRODUCT_NAME = Pandemobium;
				WRAPPER_EXTENSION = app;
			};
			name = Release;
		};
/* End XCBuildConfiguration section */

/* Begin XCConfigurationList section */
		BEEF7006176F74DA00D63EB8 /* Build configuration list for PBXProject "Pandemobium" */ = {
			isa = XCConfigurationList;
			buildConfigurations = (
				BEEF702F176F74DA00D63EB8 /* Debug */,
				BEEF7030176F74DA00D63EB8 /* Release */,
			);
			defaultConfigurationIsVisible = 0;
			defaultConfigurationName = Release;
		};
		BEEF7031176F74DA00D63EB8 /* Build configuration list for PBXNativeTarget "Pandemobium" */ = {
			isa = XCConfigurationList;
			buildConfigurations = (
				BEEF7032176F74DA00D63EB8 /* Debug */,
				BEEF7033176F74DA00D63EB8 /* Release */,
			);
			defaultConfigurationIsVisible = 0;
			defaultConfigurationName = Release;
		};
/* End XCConfigurationList section */

/* Begin XCVersionGroup section */
		BE9EAB22179481C10079C57A /* ClientStocks.xcdatamodeld */ = {
			isa = XCVersionGroup;
			children = (
				BE9EAB23179481C10079C57A /* ClientStocks.xcdatamodel */,
			);
			currentVersion = BE9EAB23179481C10079C57A /* ClientStocks.xcdatamodel */;
			name = ClientStocks.xcdatamodeld;
			path = PandemobiumV2/DB/ClientStocks.xcdatamodeld;
			sourceTree = "<group>";
			versionGroupType = wrapper.xcdatamodel;
		};
/* End XCVersionGroup section */
	};
	rootObject = BEEF7003176F74DA00D63EB8 /* Project object */;
}
